Microsoft Visual Studio Solution File, Format Version 12.00
# Visual Studio 14
VisualStudioVersion = 14.0.22823.1
MinimumVisualStudioVersion = 10.0.40219.1
Project("{8BC9CEB8-8B4A-11D0-8D11-00A0C91BC942}") = "ALL_BUILD", "ALL_BUILD.vcxproj", "{B89A22C2-981E-49BB-8A1E-2A3F42F54655}"
	ProjectSection(ProjectDependencies) = postProject
		{B9E68FFE-E346-41B5-8ED7-2DC4C6E4A71C} = {B9E68FFE-E346-41B5-8ED7-2DC4C6E4A71C}
		{B36582D3-49EA-454B-BC45-CD4D1EE8FDBB} = {B36582D3-49EA-454B-BC45-CD4D1EE8FDBB}
		{FA3CE48A-80C3-48E1-BF53-F581DACF99AC} = {FA3CE48A-80C3-48E1-BF53-F581DACF99AC}
		{3CBE4E74-199E-4C58-B76B-A62A0B1B5DBB} = {3CBE4E74-199E-4C58-B76B-A62A0B1B5DBB}
		{F4E83D82-000A-4466-AEA3-D4D8CA901241} = {F4E83D82-000A-4466-AEA3-D4D8CA901241}
		{97C9A009-57AF-4423-BD81-3E3566C65C34} = {97C9A009-57AF-4423-BD81-3E3566C65C34}
		{A8CECAB8-D6F4-4027-866B-2F266A26A43F} = {A8CECAB8-D6F4-4027-866B-2F266A26A43F}
		{FCECA481-8F03-46C6-8F00-8866175EAE39} = {FCECA481-8F03-46C6-8F00-8866175EAE39}
		{3D094519-9DF0-4DD4-8420-6097967D0A4D} = {3D094519-9DF0-4DD4-8420-6097967D0A4D}
		{6D48C8B6-2923-4A59-9B13-F9D350F08DF3} = {6D48C8B6-2923-4A59-9B13-F9D350F08DF3}
		{B8DA958F-5B36-42F3-8710-EA034B39F0DE} = {B8DA958F-5B36-42F3-8710-EA034B39F0DE}
	EndProjectSection
EndProject
Project("{8BC9CEB8-8B4A-11D0-8D11-00A0C91BC942}") = "INSTALL", "INSTALL.vcxproj", "{6EFAC0A3-262F-4FEA-B746-5C53DE2269E0}"
	ProjectSection(ProjectDependencies) = postProject
		{B89A22C2-981E-49BB-8A1E-2A3F42F54655} = {B89A22C2-981E-49BB-8A1E-2A3F42F54655}
	EndProjectSection
EndProject
Project("{8BC9CEB8-8B4A-11D0-8D11-00A0C91BC942}") = "PACKAGE", "PACKAGE.vcxproj", "{24826D53-C185-460A-8B8B-A529B44229BD}"
	ProjectSection(ProjectDependencies) = postProject
		{B89A22C2-981E-49BB-8A1E-2A3F42F54655} = {B89A22C2-981E-49BB-8A1E-2A3F42F54655}
	EndProjectSection
EndProject
Project("{8BC9CEB8-8B4A-11D0-8D11-00A0C91BC942}") = "ZERO_CHECK", "ZERO_CHECK.vcxproj", "{B9E68FFE-E346-41B5-8ED7-2DC4C6E4A71C}"
EndProject
Project("{8BC9CEB8-8B4A-11D0-8D11-00A0C91BC942}") = "dangerbird_bin", "dangerbird_bin.vcxproj", "{B36582D3-49EA-454B-BC45-CD4D1EE8FDBB}"
	ProjectSection(ProjectDependencies) = postProject
		{B9E68FFE-E346-41B5-8ED7-2DC4C6E4A71C} = {B9E68FFE-E346-41B5-8ED7-2DC4C6E4A71C}
		{F4E83D82-000A-4466-AEA3-D4D8CA901241} = {F4E83D82-000A-4466-AEA3-D4D8CA901241}
		{97C9A009-57AF-4423-BD81-3E3566C65C34} = {97C9A009-57AF-4423-BD81-3E3566C65C34}
		{B8DA958F-5B36-42F3-8710-EA034B39F0DE} = {B8DA958F-5B36-42F3-8710-EA034B39F0DE}
	EndProjectSection
EndProject
Project("{8BC9CEB8-8B4A-11D0-8D11-00A0C91BC942}") = "dangerbird_c_tests", "dangerbird_c_tests.vcxproj", "{FA3CE48A-80C3-48E1-BF53-F581DACF99AC}"
	ProjectSection(ProjectDependencies) = postProject
		{B9E68FFE-E346-41B5-8ED7-2DC4C6E4A71C} = {B9E68FFE-E346-41B5-8ED7-2DC4C6E4A71C}
		{F4E83D82-000A-4466-AEA3-D4D8CA901241} = {F4E83D82-000A-4466-AEA3-D4D8CA901241}
		{97C9A009-57AF-4423-BD81-3E3566C65C34} = {97C9A009-57AF-4423-BD81-3E3566C65C34}
		{B8DA958F-5B36-42F3-8710-EA034B39F0DE} = {B8DA958F-5B36-42F3-8710-EA034B39F0DE}
	EndProjectSection
EndProject
Project("{8BC9CEB8-8B4A-11D0-8D11-00A0C91BC942}") = "dangerbird_test", "dangerbird_test.vcxproj", "{3CBE4E74-199E-4C58-B76B-A62A0B1B5DBB}"
	ProjectSection(ProjectDependencies) = postProject
		{B9E68FFE-E346-41B5-8ED7-2DC4C6E4A71C} = {B9E68FFE-E346-41B5-8ED7-2DC4C6E4A71C}
		{FA3CE48A-80C3-48E1-BF53-F581DACF99AC} = {FA3CE48A-80C3-48E1-BF53-F581DACF99AC}
		{F4E83D82-000A-4466-AEA3-D4D8CA901241} = {F4E83D82-000A-4466-AEA3-D4D8CA901241}
		{97C9A009-57AF-4423-BD81-3E3566C65C34} = {97C9A009-57AF-4423-BD81-3E3566C65C34}
		{3D094519-9DF0-4DD4-8420-6097967D0A4D} = {3D094519-9DF0-4DD4-8420-6097967D0A4D}
		{6D48C8B6-2923-4A59-9B13-F9D350F08DF3} = {6D48C8B6-2923-4A59-9B13-F9D350F08DF3}
		{B8DA958F-5B36-42F3-8710-EA034B39F0DE} = {B8DA958F-5B36-42F3-8710-EA034B39F0DE}
	EndProjectSection
EndProject
Project("{8BC9CEB8-8B4A-11D0-8D11-00A0C91BC942}") = "dangerengine", "dangerengine.vcxproj", "{F4E83D82-000A-4466-AEA3-D4D8CA901241}"
	ProjectSection(ProjectDependencies) = postProject
		{B9E68FFE-E346-41B5-8ED7-2DC4C6E4A71C} = {B9E68FFE-E346-41B5-8ED7-2DC4C6E4A71C}
		{97C9A009-57AF-4423-BD81-3E3566C65C34} = {97C9A009-57AF-4423-BD81-3E3566C65C34}
		{B8DA958F-5B36-42F3-8710-EA034B39F0DE} = {B8DA958F-5B36-42F3-8710-EA034B39F0DE}
	EndProjectSection
EndProject
Project("{8BC9CEB8-8B4A-11D0-8D11-00A0C91BC942}") = "doc", "doc.vcxproj", "{3F91EB3B-0671-40B1-9B10-E5A82035B59A}"
	ProjectSection(ProjectDependencies) = postProject
		{B9E68FFE-E346-41B5-8ED7-2DC4C6E4A71C} = {B9E68FFE-E346-41B5-8ED7-2DC4C6E4A71C}
	EndProjectSection
EndProject
Project("{8BC9CEB8-8B4A-11D0-8D11-00A0C91BC942}") = "glfw", "extern\glfw\src\glfw.vcxproj", "{97C9A009-57AF-4423-BD81-3E3566C65C34}"
	ProjectSection(ProjectDependencies) = postProject
		{B9E68FFE-E346-41B5-8ED7-2DC4C6E4A71C} = {B9E68FFE-E346-41B5-8ED7-2DC4C6E4A71C}
	EndProjectSection
EndProject
Project("{8BC9CEB8-8B4A-11D0-8D11-00A0C91BC942}") = "gmock", "extern\googlemock\gmock.vcxproj", "{A8CECAB8-D6F4-4027-866B-2F266A26A43F}"
	ProjectSection(ProjectDependencies) = postProject
		{B9E68FFE-E346-41B5-8ED7-2DC4C6E4A71C} = {B9E68FFE-E346-41B5-8ED7-2DC4C6E4A71C}
	EndProjectSection
EndProject
Project("{8BC9CEB8-8B4A-11D0-8D11-00A0C91BC942}") = "gmock_main", "extern\googlemock\gmock_main.vcxproj", "{FCECA481-8F03-46C6-8F00-8866175EAE39}"
	ProjectSection(ProjectDependencies) = postProject
		{B9E68FFE-E346-41B5-8ED7-2DC4C6E4A71C} = {B9E68FFE-E346-41B5-8ED7-2DC4C6E4A71C}
	EndProjectSection
EndProject
Project("{8BC9CEB8-8B4A-11D0-8D11-00A0C91BC942}") = "gtest", "extern\googlemock\gtest\gtest.vcxproj", "{3D094519-9DF0-4DD4-8420-6097967D0A4D}"
	ProjectSection(ProjectDependencies) = postProject
		{B9E68FFE-E346-41B5-8ED7-2DC4C6E4A71C} = {B9E68FFE-E346-41B5-8ED7-2DC4C6E4A71C}
	EndProjectSection
EndProject
Project("{8BC9CEB8-8B4A-11D0-8D11-00A0C91BC942}") = "gtest_main", "extern\googlemock\gtest\gtest_main.vcxproj", "{6D48C8B6-2923-4A59-9B13-F9D350F08DF3}"
	ProjectSection(ProjectDependencies) = postProject
		{B9E68FFE-E346-41B5-8ED7-2DC4C6E4A71C} = {B9E68FFE-E346-41B5-8ED7-2DC4C6E4A71C}
		{3D094519-9DF0-4DD4-8420-6097967D0A4D} = {3D094519-9DF0-4DD4-8420-6097967D0A4D}
	EndProjectSection
EndProject
Project("{8BC9CEB8-8B4A-11D0-8D11-00A0C91BC942}") = "kazmath", "extern\kazmath\kazmath\kazmath.vcxproj", "{B8DA958F-5B36-42F3-8710-EA034B39F0DE}"
	ProjectSection(ProjectDependencies) = postProject
		{B9E68FFE-E346-41B5-8ED7-2DC4C6E4A71C} = {B9E68FFE-E346-41B5-8ED7-2DC4C6E4A71C}
	EndProjectSection
EndProject
Project("{2150E333-8FDC-42A3-9474-1A3956D46DE8}") = "CMakePredefinedTargets", "CMakePredefinedTargets", "{7DF506AA-5DEB-4037-B85A-199B64C9B9DB}"
EndProject
Project("{2150E333-8FDC-42A3-9474-1A3956D46DE8}") = "GLFW3", "GLFW3", "{0A009E01-1E5D-4E9B-931A-7A82B232372B}"
EndProject
Project("{2150E333-8FDC-42A3-9474-1A3956D46DE8}") = "resources", "resources", "{31D4005C-BE2E-4203-9301-1E0BE21B581B}"
	ProjectSection(SolutionItems) = preProject
		resources\.DS_Store = resources\.DS_Store
		resources\appSetup.js = resources\appSetup.js
		resources\shaders\default.frag = resources\shaders\default.frag
		resources\shaders\default.vert = resources\shaders\default.vert
		resources\favicon.ico = resources\favicon.ico
		resources\index.html = resources\index.html
	EndProjectSection
EndProject
Project("{2150E333-8FDC-42A3-9474-1A3956D46DE8}") = "shaders", "shaders", "{8634C073-5CD5-4D61-8F96-CA0D3CAE4CC9}"
	ProjectSection(SolutionItems) = preProject
		resources\shaders\default.frag = resources\shaders\default.frag
		resources\shaders\default.vert = resources\shaders\default.vert
	EndProjectSection
EndProject
Global
	GlobalSection(SolutionConfigurationPlatforms) = preSolution
		Debug|x64 = Debug|x64
		MinSizeRel|x64 = MinSizeRel|x64
		Release|x64 = Release|x64
		RelWithDebInfo|x64 = RelWithDebInfo|x64
	EndGlobalSection
	GlobalSection(ProjectConfigurationPlatforms) = postSolution
		{B89A22C2-981E-49BB-8A1E-2A3F42F54655}.Debug|x64.ActiveCfg = Debug|x64
		{B89A22C2-981E-49BB-8A1E-2A3F42F54655}.Debug|x64.Build.0 = Debug|x64
		{B89A22C2-981E-49BB-8A1E-2A3F42F54655}.MinSizeRel|x64.ActiveCfg = MinSizeRel|x64
		{B89A22C2-981E-49BB-8A1E-2A3F42F54655}.MinSizeRel|x64.Build.0 = MinSizeRel|x64
		{B89A22C2-981E-49BB-8A1E-2A3F42F54655}.Release|x64.ActiveCfg = Release|x64
		{B89A22C2-981E-49BB-8A1E-2A3F42F54655}.Release|x64.Build.0 = Release|x64
		{B89A22C2-981E-49BB-8A1E-2A3F42F54655}.RelWithDebInfo|x64.ActiveCfg = RelWithDebInfo|x64
		{B89A22C2-981E-49BB-8A1E-2A3F42F54655}.RelWithDebInfo|x64.Build.0 = RelWithDebInfo|x64
		{6EFAC0A3-262F-4FEA-B746-5C53DE2269E0}.Debug|x64.ActiveCfg = Debug|x64
		{6EFAC0A3-262F-4FEA-B746-5C53DE2269E0}.MinSizeRel|x64.ActiveCfg = MinSizeRel|x64
		{6EFAC0A3-262F-4FEA-B746-5C53DE2269E0}.Release|x64.ActiveCfg = Release|x64
		{6EFAC0A3-262F-4FEA-B746-5C53DE2269E0}.RelWithDebInfo|x64.ActiveCfg = RelWithDebInfo|x64
		{24826D53-C185-460A-8B8B-A529B44229BD}.Debug|x64.ActiveCfg = Debug|x64
		{24826D53-C185-460A-8B8B-A529B44229BD}.MinSizeRel|x64.ActiveCfg = MinSizeRel|x64
		{24826D53-C185-460A-8B8B-A529B44229BD}.Release|x64.ActiveCfg = Release|x64
		{24826D53-C185-460A-8B8B-A529B44229BD}.RelWithDebInfo|x64.ActiveCfg = RelWithDebInfo|x64
		{B9E68FFE-E346-41B5-8ED7-2DC4C6E4A71C}.Debug|x64.ActiveCfg = Debug|x64
		{B9E68FFE-E346-41B5-8ED7-2DC4C6E4A71C}.Debug|x64.Build.0 = Debug|x64
		{B9E68FFE-E346-41B5-8ED7-2DC4C6E4A71C}.MinSizeRel|x64.ActiveCfg = MinSizeRel|x64
		{B9E68FFE-E346-41B5-8ED7-2DC4C6E4A71C}.MinSizeRel|x64.Build.0 = MinSizeRel|x64
		{B9E68FFE-E346-41B5-8ED7-2DC4C6E4A71C}.Release|x64.ActiveCfg = Release|x64
		{B9E68FFE-E346-41B5-8ED7-2DC4C6E4A71C}.Release|x64.Build.0 = Release|x64
		{B9E68FFE-E346-41B5-8ED7-2DC4C6E4A71C}.RelWithDebInfo|x64.ActiveCfg = RelWithDebInfo|x64
		{B9E68FFE-E346-41B5-8ED7-2DC4C6E4A71C}.RelWithDebInfo|x64.Build.0 = RelWithDebInfo|x64
		{B36582D3-49EA-454B-BC45-CD4D1EE8FDBB}.Debug|x64.ActiveCfg = Debug|x64
		{B36582D3-49EA-454B-BC45-CD4D1EE8FDBB}.Debug|x64.Build.0 = Debug|x64
		{B36582D3-49EA-454B-BC45-CD4D1EE8FDBB}.MinSizeRel|x64.ActiveCfg = MinSizeRel|x64
		{B36582D3-49EA-454B-BC45-CD4D1EE8FDBB}.MinSizeRel|x64.Build.0 = MinSizeRel|x64
		{B36582D3-49EA-454B-BC45-CD4D1EE8FDBB}.Release|x64.ActiveCfg = Release|x64
		{B36582D3-49EA-454B-BC45-CD4D1EE8FDBB}.Release|x64.Build.0 = Release|x64
		{B36582D3-49EA-454B-BC45-CD4D1EE8FDBB}.RelWithDebInfo|x64.ActiveCfg = RelWithDebInfo|x64
		{B36582D3-49EA-454B-BC45-CD4D1EE8FDBB}.RelWithDebInfo|x64.Build.0 = RelWithDebInfo|x64
		{FA3CE48A-80C3-48E1-BF53-F581DACF99AC}.Debug|x64.ActiveCfg = Debug|x64
		{FA3CE48A-80C3-48E1-BF53-F581DACF99AC}.MinSizeRel|x64.ActiveCfg = MinSizeRel|x64
		{FA3CE48A-80C3-48E1-BF53-F581DACF99AC}.MinSizeRel|x64.Build.0 = MinSizeRel|x64
		{FA3CE48A-80C3-48E1-BF53-F581DACF99AC}.Release|x64.ActiveCfg = Release|x64
		{FA3CE48A-80C3-48E1-BF53-F581DACF99AC}.Release|x64.Build.0 = Release|x64
		{FA3CE48A-80C3-48E1-BF53-F581DACF99AC}.RelWithDebInfo|x64.ActiveCfg = RelWithDebInfo|x64
		{FA3CE48A-80C3-48E1-BF53-F581DACF99AC}.RelWithDebInfo|x64.Build.0 = RelWithDebInfo|x64
		{3CBE4E74-199E-4C58-B76B-A62A0B1B5DBB}.Debug|x64.ActiveCfg = Debug|x64
		{3CBE4E74-199E-4C58-B76B-A62A0B1B5DBB}.MinSizeRel|x64.ActiveCfg = MinSizeRel|x64
		{3CBE4E74-199E-4C58-B76B-A62A0B1B5DBB}.MinSizeRel|x64.Build.0 = MinSizeRel|x64
		{3CBE4E74-199E-4C58-B76B-A62A0B1B5DBB}.Release|x64.ActiveCfg = Release|x64
		{3CBE4E74-199E-4C58-B76B-A62A0B1B5DBB}.Release|x64.Build.0 = Release|x64
		{3CBE4E74-199E-4C58-B76B-A62A0B1B5DBB}.RelWithDebInfo|x64.ActiveCfg = RelWithDebInfo|x64
		{3CBE4E74-199E-4C58-B76B-A62A0B1B5DBB}.RelWithDebInfo|x64.Build.0 = RelWithDebInfo|x64
		{F4E83D82-000A-4466-AEA3-D4D8CA901241}.Debug|x64.ActiveCfg = Debug|x64
		{F4E83D82-000A-4466-AEA3-D4D8CA901241}.Debug|x64.Build.0 = Debug|x64
		{F4E83D82-000A-4466-AEA3-D4D8CA901241}.MinSizeRel|x64.ActiveCfg = MinSizeRel|x64
		{F4E83D82-000A-4466-AEA3-D4D8CA901241}.MinSizeRel|x64.Build.0 = MinSizeRel|x64
		{F4E83D82-000A-4466-AEA3-D4D8CA901241}.Release|x64.ActiveCfg = Release|x64
		{F4E83D82-000A-4466-AEA3-D4D8CA901241}.Release|x64.Build.0 = Release|x64
		{F4E83D82-000A-4466-AEA3-D4D8CA901241}.RelWithDebInfo|x64.ActiveCfg = RelWithDebInfo|x64
		{F4E83D82-000A-4466-AEA3-D4D8CA901241}.RelWithDebInfo|x64.Build.0 = RelWithDebInfo|x64
		{3F91EB3B-0671-40B1-9B10-E5A82035B59A}.Debug|x64.ActiveCfg = Debug|x64
		{3F91EB3B-0671-40B1-9B10-E5A82035B59A}.MinSizeRel|x64.ActiveCfg = MinSizeRel|x64
		{3F91EB3B-0671-40B1-9B10-E5A82035B59A}.Release|x64.ActiveCfg = Release|x64
		{3F91EB3B-0671-40B1-9B10-E5A82035B59A}.RelWithDebInfo|x64.ActiveCfg = RelWithDebInfo|x64
		{97C9A009-57AF-4423-BD81-3E3566C65C34}.Debug|x64.ActiveCfg = Debug|x64
		{97C9A009-57AF-4423-BD81-3E3566C65C34}.Debug|x64.Build.0 = Debug|x64
		{97C9A009-57AF-4423-BD81-3E3566C65C34}.MinSizeRel|x64.ActiveCfg = MinSizeRel|x64
		{97C9A009-57AF-4423-BD81-3E3566C65C34}.MinSizeRel|x64.Build.0 = MinSizeRel|x64
		{97C9A009-57AF-4423-BD81-3E3566C65C34}.Release|x64.ActiveCfg = Release|x64
		{97C9A009-57AF-4423-BD81-3E3566C65C34}.Release|x64.Build.0 = Release|x64
		{97C9A009-57AF-4423-BD81-3E3566C65C34}.RelWithDebInfo|x64.ActiveCfg = RelWithDebInfo|x64
		{97C9A009-57AF-4423-BD81-3E3566C65C34}.RelWithDebInfo|x64.Build.0 = RelWithDebInfo|x64
		{A8CECAB8-D6F4-4027-866B-2F266A26A43F}.Debug|x64.ActiveCfg = Debug|x64
		{A8CECAB8-D6F4-4027-866B-2F266A26A43F}.MinSizeRel|x64.ActiveCfg = MinSizeRel|x64
		{A8CECAB8-D6F4-4027-866B-2F266A26A43F}.MinSizeRel|x64.Build.0 = MinSizeRel|x64
		{A8CECAB8-D6F4-4027-866B-2F266A26A43F}.Release|x64.ActiveCfg = Release|x64
		{A8CECAB8-D6F4-4027-866B-2F266A26A43F}.Release|x64.Build.0 = Release|x64
		{A8CECAB8-D6F4-4027-866B-2F266A26A43F}.RelWithDebInfo|x64.ActiveCfg = RelWithDebInfo|x64
		{A8CECAB8-D6F4-4027-866B-2F266A26A43F}.RelWithDebInfo|x64.Build.0 = RelWithDebInfo|x64
		{FCECA481-8F03-46C6-8F00-8866175EAE39}.Debug|x64.ActiveCfg = Debug|x64
		{FCECA481-8F03-46C6-8F00-8866175EAE39}.MinSizeRel|x64.ActiveCfg = MinSizeRel|x64
		{FCECA481-8F03-46C6-8F00-8866175EAE39}.MinSizeRel|x64.Build.0 = MinSizeRel|x64
		{FCECA481-8F03-46C6-8F00-8866175EAE39}.Release|x64.ActiveCfg = Release|x64
		{FCECA481-8F03-46C6-8F00-8866175EAE39}.Release|x64.Build.0 = Release|x64
		{FCECA481-8F03-46C6-8F00-8866175EAE39}.RelWithDebInfo|x64.ActiveCfg = RelWithDebInfo|x64
		{FCECA481-8F03-46C6-8F00-8866175EAE39}.RelWithDebInfo|x64.Build.0 = RelWithDebInfo|x64
		{3D094519-9DF0-4DD4-8420-6097967D0A4D}.Debug|x64.ActiveCfg = Debug|x64
		{3D094519-9DF0-4DD4-8420-6097967D0A4D}.MinSizeRel|x64.ActiveCfg = MinSizeRel|x64
		{3D094519-9DF0-4DD4-8420-6097967D0A4D}.MinSizeRel|x64.Build.0 = MinSizeRel|x64
		{3D094519-9DF0-4DD4-8420-6097967D0A4D}.Release|x64.ActiveCfg = Release|x64
		{3D094519-9DF0-4DD4-8420-6097967D0A4D}.Release|x64.Build.0 = Release|x64
		{3D094519-9DF0-4DD4-8420-6097967D0A4D}.RelWithDebInfo|x64.ActiveCfg = RelWithDebInfo|x64
		{3D094519-9DF0-4DD4-8420-6097967D0A4D}.RelWithDebInfo|x64.Build.0 = RelWithDebInfo|x64
		{6D48C8B6-2923-4A59-9B13-F9D350F08DF3}.Debug|x64.ActiveCfg = Debug|x64
		{6D48C8B6-2923-4A59-9B13-F9D350F08DF3}.MinSizeRel|x64.ActiveCfg = MinSizeRel|x64
		{6D48C8B6-2923-4A59-9B13-F9D350F08DF3}.MinSizeRel|x64.Build.0 = MinSizeRel|x64
		{6D48C8B6-2923-4A59-9B13-F9D350F08DF3}.Release|x64.ActiveCfg = Release|x64
		{6D48C8B6-2923-4A59-9B13-F9D350F08DF3}.Release|x64.Build.0 = Release|x64
		{6D48C8B6-2923-4A59-9B13-F9D350F08DF3}.RelWithDebInfo|x64.ActiveCfg = RelWithDebInfo|x64
		{6D48C8B6-2923-4A59-9B13-F9D350F08DF3}.RelWithDebInfo|x64.Build.0 = RelWithDebInfo|x64
		{B8DA958F-5B36-42F3-8710-EA034B39F0DE}.Debug|x64.ActiveCfg = Debug|x64
		{B8DA958F-5B36-42F3-8710-EA034B39F0DE}.Debug|x64.Build.0 = Debug|x64
		{B8DA958F-5B36-42F3-8710-EA034B39F0DE}.MinSizeRel|x64.ActiveCfg = MinSizeRel|x64
		{B8DA958F-5B36-42F3-8710-EA034B39F0DE}.MinSizeRel|x64.Build.0 = MinSizeRel|x64
		{B8DA958F-5B36-42F3-8710-EA034B39F0DE}.Release|x64.ActiveCfg = Release|x64
		{B8DA958F-5B36-42F3-8710-EA034B39F0DE}.Release|x64.Build.0 = Release|x64
		{B8DA958F-5B36-42F3-8710-EA034B39F0DE}.RelWithDebInfo|x64.ActiveCfg = RelWithDebInfo|x64
		{B8DA958F-5B36-42F3-8710-EA034B39F0DE}.RelWithDebInfo|x64.Build.0 = RelWithDebInfo|x64
	EndGlobalSection
	GlobalSection(SolutionProperties) = preSolution
		HideSolutionNode = FALSE
	EndGlobalSection
	GlobalSection(NestedProjects) = preSolution
		{6EFAC0A3-262F-4FEA-B746-5C53DE2269E0} = {7DF506AA-5DEB-4037-B85A-199B64C9B9DB}
		{24826D53-C185-460A-8B8B-A529B44229BD} = {7DF506AA-5DEB-4037-B85A-199B64C9B9DB}
		{B9E68FFE-E346-41B5-8ED7-2DC4C6E4A71C} = {7DF506AA-5DEB-4037-B85A-199B64C9B9DB}
		{97C9A009-57AF-4423-BD81-3E3566C65C34} = {0A009E01-1E5D-4E9B-931A-7A82B232372B}
		{8634C073-5CD5-4D61-8F96-CA0D3CAE4CC9} = {31D4005C-BE2E-4203-9301-1E0BE21B581B}
	EndGlobalSection
EndGlobal
