<?xml version="1.0" encoding="UTF-8"?>
<Project ToolsVersion="14.0" xmlns="http://schemas.microsoft.com/developer/msbuild/2003">
  <ItemGroup>
    <CustomBuild Include="C:\Users\Steven\Source\Repos\dangerengine\CMakeLists.txt" />
    <CustomBuild Include="C:\Users\Steven\Source\Repos\dangerengine\CMakeFiles\4b7c8f463f4f2df80b06065e4dd75bfd\doc.rule">
      <Filter>CMake Rules</Filter>
    </CustomBuild>
  </ItemGroup>
  <ItemGroup>
    <None Include="C:\Users\Steven\Source\Repos\dangerengine\CMakeFiles\doc" />
  </ItemGroup>
  <ItemGroup>
    <Filter Include="CMake Rules">
      <UniqueIdentifier>{C4042FA3-7DEC-4312-95E4-F913417AE24A}</UniqueIdentifier>
    </Filter>
  </ItemGroup>
</Project>
