Microsoft Visual Studio Solution File, Format Version 12.00
# Visual Studio 14
Project("{8BC9CEB8-8B4A-11D0-8D11-00A0C91BC942}") = "ALL_BUILD", "ALL_BUILD.vcxproj", "{3CD63687-7951-4324-B72A-1D2312229F9A}"
	ProjectSection(ProjectDependencies) = postProject
		{6AA8CF62-58EC-443A-B874-A168169FFFFC} = {6AA8CF62-58EC-443A-B874-A168169FFFFC}
		{58F1044D-91BB-4AF9-9559-CCD587B3B0D9} = {58F1044D-91BB-4AF9-9559-CCD587B3B0D9}
		{FF308A2E-F9FB-4303-B8F4-021D944E576D} = {FF308A2E-F9FB-4303-B8F4-021D944E576D}
		{D72770B6-80AC-41D7-8E2F-26440BB92F71} = {D72770B6-80AC-41D7-8E2F-26440BB92F71}
		{A71F531D-96FF-43C7-9031-BC4516E2D5D2} = {A71F531D-96FF-43C7-9031-BC4516E2D5D2}
		{A129E692-93C2-4C52-810F-269E815BEC54} = {A129E692-93C2-4C52-810F-269E815BEC54}
		{D36E3834-04CC-4960-B673-C1170CB031D5} = {D36E3834-04CC-4960-B673-C1170CB031D5}
		{F97C5F34-DEB2-4D03-980B-2E0BD9054BD4} = {F97C5F34-DEB2-4D03-980B-2E0BD9054BD4}
		{B6D20854-D2C7-4CB4-98AA-081D5A742DF7} = {B6D20854-D2C7-4CB4-98AA-081D5A742DF7}
		{23C11D8F-A1E9-4FF1-AD41-A4147E2D8414} = {23C11D8F-A1E9-4FF1-AD41-A4147E2D8414}
		{1DD06AAC-7E60-40E3-BF4C-E5F9BE4FEB44} = {1DD06AAC-7E60-40E3-BF4C-E5F9BE4FEB44}
	EndProjectSection
EndProject
Project("{8BC9CEB8-8B4A-11D0-8D11-00A0C91BC942}") = "INSTALL", "INSTALL.vcxproj", "{015D2C10-E36F-4656-9015-19C2E9831317}"
	ProjectSection(ProjectDependencies) = postProject
		{3CD63687-7951-4324-B72A-1D2312229F9A} = {3CD63687-7951-4324-B72A-1D2312229F9A}
	EndProjectSection
EndProject
Project("{8BC9CEB8-8B4A-11D0-8D11-00A0C91BC942}") = "PACKAGE", "PACKAGE.vcxproj", "{18AAB2BB-84F8-48F0-855F-7C60CAA86FAA}"
	ProjectSection(ProjectDependencies) = postProject
		{3CD63687-7951-4324-B72A-1D2312229F9A} = {3CD63687-7951-4324-B72A-1D2312229F9A}
	EndProjectSection
EndProject
Project("{8BC9CEB8-8B4A-11D0-8D11-00A0C91BC942}") = "ZERO_CHECK", "ZERO_CHECK.vcxproj", "{6AA8CF62-58EC-443A-B874-A168169FFFFC}"
	ProjectSection(ProjectDependencies) = postProject
	EndProjectSection
EndProject
Project("{8BC9CEB8-8B4A-11D0-8D11-00A0C91BC942}") = "dangerbird_bin", "dangerbird_bin.vcxproj", "{58F1044D-91BB-4AF9-9559-CCD587B3B0D9}"
	ProjectSection(ProjectDependencies) = postProject
		{6AA8CF62-58EC-443A-B874-A168169FFFFC} = {6AA8CF62-58EC-443A-B874-A168169FFFFC}
		{A71F531D-96FF-43C7-9031-BC4516E2D5D2} = {A71F531D-96FF-43C7-9031-BC4516E2D5D2}
		{A129E692-93C2-4C52-810F-269E815BEC54} = {A129E692-93C2-4C52-810F-269E815BEC54}
		{1DD06AAC-7E60-40E3-BF4C-E5F9BE4FEB44} = {1DD06AAC-7E60-40E3-BF4C-E5F9BE4FEB44}
	EndProjectSection
EndProject
Project("{8BC9CEB8-8B4A-11D0-8D11-00A0C91BC942}") = "dangerbird_c_tests", "dangerbird_c_tests.vcxproj", "{FF308A2E-F9FB-4303-B8F4-021D944E576D}"
	ProjectSection(ProjectDependencies) = postProject
		{6AA8CF62-58EC-443A-B874-A168169FFFFC} = {6AA8CF62-58EC-443A-B874-A168169FFFFC}
		{A71F531D-96FF-43C7-9031-BC4516E2D5D2} = {A71F531D-96FF-43C7-9031-BC4516E2D5D2}
		{A129E692-93C2-4C52-810F-269E815BEC54} = {A129E692-93C2-4C52-810F-269E815BEC54}
		{1DD06AAC-7E60-40E3-BF4C-E5F9BE4FEB44} = {1DD06AAC-7E60-40E3-BF4C-E5F9BE4FEB44}
	EndProjectSection
EndProject
Project("{8BC9CEB8-8B4A-11D0-8D11-00A0C91BC942}") = "dangerbird_test", "dangerbird_test.vcxproj", "{D72770B6-80AC-41D7-8E2F-26440BB92F71}"
	ProjectSection(ProjectDependencies) = postProject
		{6AA8CF62-58EC-443A-B874-A168169FFFFC} = {6AA8CF62-58EC-443A-B874-A168169FFFFC}
		{FF308A2E-F9FB-4303-B8F4-021D944E576D} = {FF308A2E-F9FB-4303-B8F4-021D944E576D}
		{A71F531D-96FF-43C7-9031-BC4516E2D5D2} = {A71F531D-96FF-43C7-9031-BC4516E2D5D2}
		{A129E692-93C2-4C52-810F-269E815BEC54} = {A129E692-93C2-4C52-810F-269E815BEC54}
		{B6D20854-D2C7-4CB4-98AA-081D5A742DF7} = {B6D20854-D2C7-4CB4-98AA-081D5A742DF7}
		{23C11D8F-A1E9-4FF1-AD41-A4147E2D8414} = {23C11D8F-A1E9-4FF1-AD41-A4147E2D8414}
		{1DD06AAC-7E60-40E3-BF4C-E5F9BE4FEB44} = {1DD06AAC-7E60-40E3-BF4C-E5F9BE4FEB44}
	EndProjectSection
EndProject
Project("{8BC9CEB8-8B4A-11D0-8D11-00A0C91BC942}") = "dangerengine", "dangerengine.vcxproj", "{A71F531D-96FF-43C7-9031-BC4516E2D5D2}"
	ProjectSection(ProjectDependencies) = postProject
		{6AA8CF62-58EC-443A-B874-A168169FFFFC} = {6AA8CF62-58EC-443A-B874-A168169FFFFC}
		{A129E692-93C2-4C52-810F-269E815BEC54} = {A129E692-93C2-4C52-810F-269E815BEC54}
		{1DD06AAC-7E60-40E3-BF4C-E5F9BE4FEB44} = {1DD06AAC-7E60-40E3-BF4C-E5F9BE4FEB44}
	EndProjectSection
EndProject
Project("{8BC9CEB8-8B4A-11D0-8D11-00A0C91BC942}") = "glfw", "extern\glfw\src\glfw.vcxproj", "{A129E692-93C2-4C52-810F-269E815BEC54}"
	ProjectSection(ProjectDependencies) = postProject
		{6AA8CF62-58EC-443A-B874-A168169FFFFC} = {6AA8CF62-58EC-443A-B874-A168169FFFFC}
	EndProjectSection
EndProject
Project("{8BC9CEB8-8B4A-11D0-8D11-00A0C91BC942}") = "gmock", "extern\googlemock\gmock.vcxproj", "{D36E3834-04CC-4960-B673-C1170CB031D5}"
	ProjectSection(ProjectDependencies) = postProject
		{6AA8CF62-58EC-443A-B874-A168169FFFFC} = {6AA8CF62-58EC-443A-B874-A168169FFFFC}
	EndProjectSection
EndProject
Project("{8BC9CEB8-8B4A-11D0-8D11-00A0C91BC942}") = "gmock_main", "extern\googlemock\gmock_main.vcxproj", "{F97C5F34-DEB2-4D03-980B-2E0BD9054BD4}"
	ProjectSection(ProjectDependencies) = postProject
		{6AA8CF62-58EC-443A-B874-A168169FFFFC} = {6AA8CF62-58EC-443A-B874-A168169FFFFC}
	EndProjectSection
EndProject
Project("{8BC9CEB8-8B4A-11D0-8D11-00A0C91BC942}") = "gtest", "extern\googlemock\gtest\gtest.vcxproj", "{B6D20854-D2C7-4CB4-98AA-081D5A742DF7}"
	ProjectSection(ProjectDependencies) = postProject
		{6AA8CF62-58EC-443A-B874-A168169FFFFC} = {6AA8CF62-58EC-443A-B874-A168169FFFFC}
	EndProjectSection
EndProject
Project("{8BC9CEB8-8B4A-11D0-8D11-00A0C91BC942}") = "gtest_main", "extern\googlemock\gtest\gtest_main.vcxproj", "{23C11D8F-A1E9-4FF1-AD41-A4147E2D8414}"
	ProjectSection(ProjectDependencies) = postProject
		{6AA8CF62-58EC-443A-B874-A168169FFFFC} = {6AA8CF62-58EC-443A-B874-A168169FFFFC}
		{B6D20854-D2C7-4CB4-98AA-081D5A742DF7} = {B6D20854-D2C7-4CB4-98AA-081D5A742DF7}
	EndProjectSection
EndProject
Project("{8BC9CEB8-8B4A-11D0-8D11-00A0C91BC942}") = "kazmath", "extern\kazmath\kazmath\kazmath.vcxproj", "{1DD06AAC-7E60-40E3-BF4C-E5F9BE4FEB44}"
	ProjectSection(ProjectDependencies) = postProject
		{6AA8CF62-58EC-443A-B874-A168169FFFFC} = {6AA8CF62-58EC-443A-B874-A168169FFFFC}
	EndProjectSection
EndProject
Project("{2150E333-8FDC-42A3-9474-1A3956D46DE8}") = "CMakePredefinedTargets", "CMakePredefinedTargets", "{49731C5B-48CC-4E6F-BDDF-73F99CAF5C00}"
EndProject
Project("{2150E333-8FDC-42A3-9474-1A3956D46DE8}") = "GLFW3", "GLFW3", "{045CFC09-BF55-407A-9768-593A610F3600}"
EndProject
Global
	GlobalSection(SolutionConfigurationPlatforms) = preSolution
		Debug|x64 = Debug|x64
		Release|x64 = Release|x64
		MinSizeRel|x64 = MinSizeRel|x64
		RelWithDebInfo|x64 = RelWithDebInfo|x64
	EndGlobalSection
	GlobalSection(ProjectConfigurationPlatforms) = postSolution
		{3CD63687-7951-4324-B72A-1D2312229F9A}.Debug|x64.ActiveCfg = Debug|x64
		{3CD63687-7951-4324-B72A-1D2312229F9A}.Debug|x64.Build.0 = Debug|x64
		{3CD63687-7951-4324-B72A-1D2312229F9A}.Release|x64.ActiveCfg = Release|x64
		{3CD63687-7951-4324-B72A-1D2312229F9A}.Release|x64.Build.0 = Release|x64
		{3CD63687-7951-4324-B72A-1D2312229F9A}.MinSizeRel|x64.ActiveCfg = MinSizeRel|x64
		{3CD63687-7951-4324-B72A-1D2312229F9A}.MinSizeRel|x64.Build.0 = MinSizeRel|x64
		{3CD63687-7951-4324-B72A-1D2312229F9A}.RelWithDebInfo|x64.ActiveCfg = RelWithDebInfo|x64
		{3CD63687-7951-4324-B72A-1D2312229F9A}.RelWithDebInfo|x64.Build.0 = RelWithDebInfo|x64
		{015D2C10-E36F-4656-9015-19C2E9831317}.Debug|x64.ActiveCfg = Debug|x64
		{015D2C10-E36F-4656-9015-19C2E9831317}.Release|x64.ActiveCfg = Release|x64
		{015D2C10-E36F-4656-9015-19C2E9831317}.MinSizeRel|x64.ActiveCfg = MinSizeRel|x64
		{015D2C10-E36F-4656-9015-19C2E9831317}.RelWithDebInfo|x64.ActiveCfg = RelWithDebInfo|x64
		{18AAB2BB-84F8-48F0-855F-7C60CAA86FAA}.Debug|x64.ActiveCfg = Debug|x64
		{18AAB2BB-84F8-48F0-855F-7C60CAA86FAA}.Release|x64.ActiveCfg = Release|x64
		{18AAB2BB-84F8-48F0-855F-7C60CAA86FAA}.MinSizeRel|x64.ActiveCfg = MinSizeRel|x64
		{18AAB2BB-84F8-48F0-855F-7C60CAA86FAA}.RelWithDebInfo|x64.ActiveCfg = RelWithDebInfo|x64
		{6AA8CF62-58EC-443A-B874-A168169FFFFC}.Debug|x64.ActiveCfg = Debug|x64
		{6AA8CF62-58EC-443A-B874-A168169FFFFC}.Debug|x64.Build.0 = Debug|x64
		{6AA8CF62-58EC-443A-B874-A168169FFFFC}.Release|x64.ActiveCfg = Release|x64
		{6AA8CF62-58EC-443A-B874-A168169FFFFC}.Release|x64.Build.0 = Release|x64
		{6AA8CF62-58EC-443A-B874-A168169FFFFC}.MinSizeRel|x64.ActiveCfg = MinSizeRel|x64
		{6AA8CF62-58EC-443A-B874-A168169FFFFC}.MinSizeRel|x64.Build.0 = MinSizeRel|x64
		{6AA8CF62-58EC-443A-B874-A168169FFFFC}.RelWithDebInfo|x64.ActiveCfg = RelWithDebInfo|x64
		{6AA8CF62-58EC-443A-B874-A168169FFFFC}.RelWithDebInfo|x64.Build.0 = RelWithDebInfo|x64
		{58F1044D-91BB-4AF9-9559-CCD587B3B0D9}.Debug|x64.ActiveCfg = Debug|x64
		{58F1044D-91BB-4AF9-9559-CCD587B3B0D9}.Debug|x64.Build.0 = Debug|x64
		{58F1044D-91BB-4AF9-9559-CCD587B3B0D9}.Release|x64.ActiveCfg = Release|x64
		{58F1044D-91BB-4AF9-9559-CCD587B3B0D9}.Release|x64.Build.0 = Release|x64
		{58F1044D-91BB-4AF9-9559-CCD587B3B0D9}.MinSizeRel|x64.ActiveCfg = MinSizeRel|x64
		{58F1044D-91BB-4AF9-9559-CCD587B3B0D9}.MinSizeRel|x64.Build.0 = MinSizeRel|x64
		{58F1044D-91BB-4AF9-9559-CCD587B3B0D9}.RelWithDebInfo|x64.ActiveCfg = RelWithDebInfo|x64
		{58F1044D-91BB-4AF9-9559-CCD587B3B0D9}.RelWithDebInfo|x64.Build.0 = RelWithDebInfo|x64
		{FF308A2E-F9FB-4303-B8F4-021D944E576D}.Debug|x64.ActiveCfg = Debug|x64
		{FF308A2E-F9FB-4303-B8F4-021D944E576D}.Debug|x64.Build.0 = Debug|x64
		{FF308A2E-F9FB-4303-B8F4-021D944E576D}.Release|x64.ActiveCfg = Release|x64
		{FF308A2E-F9FB-4303-B8F4-021D944E576D}.Release|x64.Build.0 = Release|x64
		{FF308A2E-F9FB-4303-B8F4-021D944E576D}.MinSizeRel|x64.ActiveCfg = MinSizeRel|x64
		{FF308A2E-F9FB-4303-B8F4-021D944E576D}.MinSizeRel|x64.Build.0 = MinSizeRel|x64
		{FF308A2E-F9FB-4303-B8F4-021D944E576D}.RelWithDebInfo|x64.ActiveCfg = RelWithDebInfo|x64
		{FF308A2E-F9FB-4303-B8F4-021D944E576D}.RelWithDebInfo|x64.Build.0 = RelWithDebInfo|x64
		{D72770B6-80AC-41D7-8E2F-26440BB92F71}.Debug|x64.ActiveCfg = Debug|x64
		{D72770B6-80AC-41D7-8E2F-26440BB92F71}.Debug|x64.Build.0 = Debug|x64
		{D72770B6-80AC-41D7-8E2F-26440BB92F71}.Release|x64.ActiveCfg = Release|x64
		{D72770B6-80AC-41D7-8E2F-26440BB92F71}.Release|x64.Build.0 = Release|x64
		{D72770B6-80AC-41D7-8E2F-26440BB92F71}.MinSizeRel|x64.ActiveCfg = MinSizeRel|x64
		{D72770B6-80AC-41D7-8E2F-26440BB92F71}.MinSizeRel|x64.Build.0 = MinSizeRel|x64
		{D72770B6-80AC-41D7-8E2F-26440BB92F71}.RelWithDebInfo|x64.ActiveCfg = RelWithDebInfo|x64
		{D72770B6-80AC-41D7-8E2F-26440BB92F71}.RelWithDebInfo|x64.Build.0 = RelWithDebInfo|x64
		{A71F531D-96FF-43C7-9031-BC4516E2D5D2}.Debug|x64.ActiveCfg = Debug|x64
		{A71F531D-96FF-43C7-9031-BC4516E2D5D2}.Debug|x64.Build.0 = Debug|x64
		{A71F531D-96FF-43C7-9031-BC4516E2D5D2}.Release|x64.ActiveCfg = Release|x64
		{A71F531D-96FF-43C7-9031-BC4516E2D5D2}.Release|x64.Build.0 = Release|x64
		{A71F531D-96FF-43C7-9031-BC4516E2D5D2}.MinSizeRel|x64.ActiveCfg = MinSizeRel|x64
		{A71F531D-96FF-43C7-9031-BC4516E2D5D2}.MinSizeRel|x64.Build.0 = MinSizeRel|x64
		{A71F531D-96FF-43C7-9031-BC4516E2D5D2}.RelWithDebInfo|x64.ActiveCfg = RelWithDebInfo|x64
		{A71F531D-96FF-43C7-9031-BC4516E2D5D2}.RelWithDebInfo|x64.Build.0 = RelWithDebInfo|x64
		{A129E692-93C2-4C52-810F-269E815BEC54}.Debug|x64.ActiveCfg = Debug|x64
		{A129E692-93C2-4C52-810F-269E815BEC54}.Debug|x64.Build.0 = Debug|x64
		{A129E692-93C2-4C52-810F-269E815BEC54}.Release|x64.ActiveCfg = Release|x64
		{A129E692-93C2-4C52-810F-269E815BEC54}.Release|x64.Build.0 = Release|x64
		{A129E692-93C2-4C52-810F-269E815BEC54}.MinSizeRel|x64.ActiveCfg = MinSizeRel|x64
		{A129E692-93C2-4C52-810F-269E815BEC54}.MinSizeRel|x64.Build.0 = MinSizeRel|x64
		{A129E692-93C2-4C52-810F-269E815BEC54}.RelWithDebInfo|x64.ActiveCfg = RelWithDebInfo|x64
		{A129E692-93C2-4C52-810F-269E815BEC54}.RelWithDebInfo|x64.Build.0 = RelWithDebInfo|x64
		{D36E3834-04CC-4960-B673-C1170CB031D5}.Debug|x64.ActiveCfg = Debug|x64
		{D36E3834-04CC-4960-B673-C1170CB031D5}.Debug|x64.Build.0 = Debug|x64
		{D36E3834-04CC-4960-B673-C1170CB031D5}.Release|x64.ActiveCfg = Release|x64
		{D36E3834-04CC-4960-B673-C1170CB031D5}.Release|x64.Build.0 = Release|x64
		{D36E3834-04CC-4960-B673-C1170CB031D5}.MinSizeRel|x64.ActiveCfg = MinSizeRel|x64
		{D36E3834-04CC-4960-B673-C1170CB031D5}.MinSizeRel|x64.Build.0 = MinSizeRel|x64
		{D36E3834-04CC-4960-B673-C1170CB031D5}.RelWithDebInfo|x64.ActiveCfg = RelWithDebInfo|x64
		{D36E3834-04CC-4960-B673-C1170CB031D5}.RelWithDebInfo|x64.Build.0 = RelWithDebInfo|x64
		{F97C5F34-DEB2-4D03-980B-2E0BD9054BD4}.Debug|x64.ActiveCfg = Debug|x64
		{F97C5F34-DEB2-4D03-980B-2E0BD9054BD4}.Debug|x64.Build.0 = Debug|x64
		{F97C5F34-DEB2-4D03-980B-2E0BD9054BD4}.Release|x64.ActiveCfg = Release|x64
		{F97C5F34-DEB2-4D03-980B-2E0BD9054BD4}.Release|x64.Build.0 = Release|x64
		{F97C5F34-DEB2-4D03-980B-2E0BD9054BD4}.MinSizeRel|x64.ActiveCfg = MinSizeRel|x64
		{F97C5F34-DEB2-4D03-980B-2E0BD9054BD4}.MinSizeRel|x64.Build.0 = MinSizeRel|x64
		{F97C5F34-DEB2-4D03-980B-2E0BD9054BD4}.RelWithDebInfo|x64.ActiveCfg = RelWithDebInfo|x64
		{F97C5F34-DEB2-4D03-980B-2E0BD9054BD4}.RelWithDebInfo|x64.Build.0 = RelWithDebInfo|x64
		{B6D20854-D2C7-4CB4-98AA-081D5A742DF7}.Debug|x64.ActiveCfg = Debug|x64
		{B6D20854-D2C7-4CB4-98AA-081D5A742DF7}.Debug|x64.Build.0 = Debug|x64
		{B6D20854-D2C7-4CB4-98AA-081D5A742DF7}.Release|x64.ActiveCfg = Release|x64
		{B6D20854-D2C7-4CB4-98AA-081D5A742DF7}.Release|x64.Build.0 = Release|x64
		{B6D20854-D2C7-4CB4-98AA-081D5A742DF7}.MinSizeRel|x64.ActiveCfg = MinSizeRel|x64
		{B6D20854-D2C7-4CB4-98AA-081D5A742DF7}.MinSizeRel|x64.Build.0 = MinSizeRel|x64
		{B6D20854-D2C7-4CB4-98AA-081D5A742DF7}.RelWithDebInfo|x64.ActiveCfg = RelWithDebInfo|x64
		{B6D20854-D2C7-4CB4-98AA-081D5A742DF7}.RelWithDebInfo|x64.Build.0 = RelWithDebInfo|x64
		{23C11D8F-A1E9-4FF1-AD41-A4147E2D8414}.Debug|x64.ActiveCfg = Debug|x64
		{23C11D8F-A1E9-4FF1-AD41-A4147E2D8414}.Debug|x64.Build.0 = Debug|x64
		{23C11D8F-A1E9-4FF1-AD41-A4147E2D8414}.Release|x64.ActiveCfg = Release|x64
		{23C11D8F-A1E9-4FF1-AD41-A4147E2D8414}.Release|x64.Build.0 = Release|x64
		{23C11D8F-A1E9-4FF1-AD41-A4147E2D8414}.MinSizeRel|x64.ActiveCfg = MinSizeRel|x64
		{23C11D8F-A1E9-4FF1-AD41-A4147E2D8414}.MinSizeRel|x64.Build.0 = MinSizeRel|x64
		{23C11D8F-A1E9-4FF1-AD41-A4147E2D8414}.RelWithDebInfo|x64.ActiveCfg = RelWithDebInfo|x64
		{23C11D8F-A1E9-4FF1-AD41-A4147E2D8414}.RelWithDebInfo|x64.Build.0 = RelWithDebInfo|x64
		{1DD06AAC-7E60-40E3-BF4C-E5F9BE4FEB44}.Debug|x64.ActiveCfg = Debug|x64
		{1DD06AAC-7E60-40E3-BF4C-E5F9BE4FEB44}.Debug|x64.Build.0 = Debug|x64
		{1DD06AAC-7E60-40E3-BF4C-E5F9BE4FEB44}.Release|x64.ActiveCfg = Release|x64
		{1DD06AAC-7E60-40E3-BF4C-E5F9BE4FEB44}.Release|x64.Build.0 = Release|x64
		{1DD06AAC-7E60-40E3-BF4C-E5F9BE4FEB44}.MinSizeRel|x64.ActiveCfg = MinSizeRel|x64
		{1DD06AAC-7E60-40E3-BF4C-E5F9BE4FEB44}.MinSizeRel|x64.Build.0 = MinSizeRel|x64
		{1DD06AAC-7E60-40E3-BF4C-E5F9BE4FEB44}.RelWithDebInfo|x64.ActiveCfg = RelWithDebInfo|x64
		{1DD06AAC-7E60-40E3-BF4C-E5F9BE4FEB44}.RelWithDebInfo|x64.Build.0 = RelWithDebInfo|x64
	EndGlobalSection
	GlobalSection(NestedProjects) = preSolution
		{015D2C10-E36F-4656-9015-19C2E9831317} = {49731C5B-48CC-4E6F-BDDF-73F99CAF5C00}
		{18AAB2BB-84F8-48F0-855F-7C60CAA86FAA} = {49731C5B-48CC-4E6F-BDDF-73F99CAF5C00}
		{6AA8CF62-58EC-443A-B874-A168169FFFFC} = {49731C5B-48CC-4E6F-BDDF-73F99CAF5C00}
		{A129E692-93C2-4C52-810F-269E815BEC54} = {045CFC09-BF55-407A-9768-593A610F3600}
	EndGlobalSection
	GlobalSection(ExtensibilityGlobals) = postSolution
	EndGlobalSection
	GlobalSection(ExtensibilityAddIns) = postSolution
	EndGlobalSection
EndGlobal
