Microsoft Visual Studio Solution File, Format Version 12.00
# Visual Studio 2013
Project("{8BC9CEB8-8B4A-11D0-8D11-00A0C91BC942}") = "ALL_BUILD", "ALL_BUILD.vcxproj", "{827E5F96-6060-4DAD-8C29-E9E3391BF290}"
	ProjectSection(ProjectDependencies) = postProject
		{251F0CB3-DD91-48BD-9406-781D0D1C20D7} = {251F0CB3-DD91-48BD-9406-781D0D1C20D7}
		{C34AE26D-30C6-47BA-BC7D-82F2DE4F2DEA} = {C34AE26D-30C6-47BA-BC7D-82F2DE4F2DEA}
		{43414E09-BDBC-403C-BB8D-94E4961D9181} = {43414E09-BDBC-403C-BB8D-94E4961D9181}
		{41D35ED7-16CC-42B3-86ED-642784F5D4B0} = {41D35ED7-16CC-42B3-86ED-642784F5D4B0}
		{F6E5CC01-637F-4C50-B0A4-528D0911A8AE} = {F6E5CC01-637F-4C50-B0A4-528D0911A8AE}
		{4A92CF6C-5BBF-4302-968A-6F50F0E05304} = {4A92CF6C-5BBF-4302-968A-6F50F0E05304}
		{6232C166-4F14-4BD7-9D23-669B426680C3} = {6232C166-4F14-4BD7-9D23-669B426680C3}
		{E791B9AC-4D73-4CA1-BFDB-1BA6739B36BB} = {E791B9AC-4D73-4CA1-BFDB-1BA6739B36BB}
		{ADF8A722-6CC5-4A20-895D-155C49AB994B} = {ADF8A722-6CC5-4A20-895D-155C49AB994B}
		{947CAB31-E032-4595-86EE-1905C01CB075} = {947CAB31-E032-4595-86EE-1905C01CB075}
		{E1D73B4A-BD45-4069-B521-B973279C8A24} = {E1D73B4A-BD45-4069-B521-B973279C8A24}
		{B79DBDCF-3162-4A85-8EC5-DF9F8FCC48A5} = {B79DBDCF-3162-4A85-8EC5-DF9F8FCC48A5}
		{BB404F1C-27B9-45C7-AA58-9FBD1A29DE46} = {BB404F1C-27B9-45C7-AA58-9FBD1A29DE46}
		{45013232-3BAA-4AF9-B3A2-A1469D3B5E34} = {45013232-3BAA-4AF9-B3A2-A1469D3B5E34}
		{BADCCF9F-26A1-499F-9310-98BBAB44233C} = {BADCCF9F-26A1-499F-9310-98BBAB44233C}
		{275324B3-AAD2-4C3A-BB59-A1DE5BE8FECC} = {275324B3-AAD2-4C3A-BB59-A1DE5BE8FECC}
		{730DF687-9766-4C49-B8F2-BF2403F4FC48} = {730DF687-9766-4C49-B8F2-BF2403F4FC48}
		{0C7F938F-D58F-4E14-A64D-A6831302A1D5} = {0C7F938F-D58F-4E14-A64D-A6831302A1D5}
		{038DE058-16F8-47D2-8BA9-04FE5F6C2EA2} = {038DE058-16F8-47D2-8BA9-04FE5F6C2EA2}
		{C6244B19-441C-479F-BA99-1CF845BA2C9D} = {C6244B19-441C-479F-BA99-1CF845BA2C9D}
		{19987722-3BE8-4B65-B578-F439BC6F4AE6} = {19987722-3BE8-4B65-B578-F439BC6F4AE6}
		{F3D186A1-7EA6-4463-8736-1D487589BAE4} = {F3D186A1-7EA6-4463-8736-1D487589BAE4}
		{4A0945ED-A583-4E3C-A38A-6EE422C1B937} = {4A0945ED-A583-4E3C-A38A-6EE422C1B937}
		{802C0427-E1B5-40F0-AE9F-48640C9F2AF8} = {802C0427-E1B5-40F0-AE9F-48640C9F2AF8}
		{3BD9BDA2-6487-4CE2-B1C2-89A13BA9FC16} = {3BD9BDA2-6487-4CE2-B1C2-89A13BA9FC16}
		{FC4A91B3-BAE0-4133-BBD0-8F152977FAA2} = {FC4A91B3-BAE0-4133-BBD0-8F152977FAA2}
		{B1FCA0CB-A8C9-4121-9469-3E979D7809D7} = {B1FCA0CB-A8C9-4121-9469-3E979D7809D7}
		{48C732A6-E2FB-453F-B250-8A2D156B9883} = {48C732A6-E2FB-453F-B250-8A2D156B9883}
		{CCBC44EC-40CF-4CBD-A886-D90C163D6CBB} = {CCBC44EC-40CF-4CBD-A886-D90C163D6CBB}
		{9DE6EA16-E63B-42E5-BCE7-FC49E8671B0F} = {9DE6EA16-E63B-42E5-BCE7-FC49E8671B0F}
		{3A9CCC0B-7468-4DC4-AAC7-049D9496B4E1} = {3A9CCC0B-7468-4DC4-AAC7-049D9496B4E1}
		{CEA74B77-3719-46FE-A123-6ED4B1B1C96F} = {CEA74B77-3719-46FE-A123-6ED4B1B1C96F}
		{950A7E16-8D33-4191-92BA-76F1791E54D7} = {950A7E16-8D33-4191-92BA-76F1791E54D7}
		{D1675EB6-8AFC-4C01-A514-ECD8033C3BD5} = {D1675EB6-8AFC-4C01-A514-ECD8033C3BD5}
		{6337DF0C-30FA-423A-9C7C-2DD8E0E47DCA} = {6337DF0C-30FA-423A-9C7C-2DD8E0E47DCA}
		{BDE4529F-24C8-4D98-A93F-2EA476C906C6} = {BDE4529F-24C8-4D98-A93F-2EA476C906C6}
		{C481B3FD-3F08-41A8-ADE3-D997706BC731} = {C481B3FD-3F08-41A8-ADE3-D997706BC731}
	EndProjectSection
EndProject
Project("{8BC9CEB8-8B4A-11D0-8D11-00A0C91BC942}") = "INSTALL", "INSTALL.vcxproj", "{34DF35B4-0A7F-40E6-943B-2CA061C0ABD7}"
	ProjectSection(ProjectDependencies) = postProject
		{827E5F96-6060-4DAD-8C29-E9E3391BF290} = {827E5F96-6060-4DAD-8C29-E9E3391BF290}
	EndProjectSection
EndProject
Project("{8BC9CEB8-8B4A-11D0-8D11-00A0C91BC942}") = "PACKAGE", "PACKAGE.vcxproj", "{5EADD46D-7258-498D-9AA4-D8F2AC0BCAC7}"
	ProjectSection(ProjectDependencies) = postProject
		{827E5F96-6060-4DAD-8C29-E9E3391BF290} = {827E5F96-6060-4DAD-8C29-E9E3391BF290}
	EndProjectSection
EndProject
Project("{8BC9CEB8-8B4A-11D0-8D11-00A0C91BC942}") = "ZERO_CHECK", "ZERO_CHECK.vcxproj", "{251F0CB3-DD91-48BD-9406-781D0D1C20D7}"
	ProjectSection(ProjectDependencies) = postProject
	EndProjectSection
EndProject
Project("{8BC9CEB8-8B4A-11D0-8D11-00A0C91BC942}") = "accuracy", "extern\glfw\tests\accuracy.vcxproj", "{C34AE26D-30C6-47BA-BC7D-82F2DE4F2DEA}"
	ProjectSection(ProjectDependencies) = postProject
		{251F0CB3-DD91-48BD-9406-781D0D1C20D7} = {251F0CB3-DD91-48BD-9406-781D0D1C20D7}
		{275324B3-AAD2-4C3A-BB59-A1DE5BE8FECC} = {275324B3-AAD2-4C3A-BB59-A1DE5BE8FECC}
	EndProjectSection
EndProject
Project("{8BC9CEB8-8B4A-11D0-8D11-00A0C91BC942}") = "boing", "extern\glfw\examples\boing.vcxproj", "{43414E09-BDBC-403C-BB8D-94E4961D9181}"
	ProjectSection(ProjectDependencies) = postProject
		{251F0CB3-DD91-48BD-9406-781D0D1C20D7} = {251F0CB3-DD91-48BD-9406-781D0D1C20D7}
		{275324B3-AAD2-4C3A-BB59-A1DE5BE8FECC} = {275324B3-AAD2-4C3A-BB59-A1DE5BE8FECC}
	EndProjectSection
EndProject
Project("{8BC9CEB8-8B4A-11D0-8D11-00A0C91BC942}") = "clipboard", "extern\glfw\tests\clipboard.vcxproj", "{41D35ED7-16CC-42B3-86ED-642784F5D4B0}"
	ProjectSection(ProjectDependencies) = postProject
		{251F0CB3-DD91-48BD-9406-781D0D1C20D7} = {251F0CB3-DD91-48BD-9406-781D0D1C20D7}
		{275324B3-AAD2-4C3A-BB59-A1DE5BE8FECC} = {275324B3-AAD2-4C3A-BB59-A1DE5BE8FECC}
	EndProjectSection
EndProject
Project("{8BC9CEB8-8B4A-11D0-8D11-00A0C91BC942}") = "cursor", "extern\glfw\tests\cursor.vcxproj", "{F6E5CC01-637F-4C50-B0A4-528D0911A8AE}"
	ProjectSection(ProjectDependencies) = postProject
		{251F0CB3-DD91-48BD-9406-781D0D1C20D7} = {251F0CB3-DD91-48BD-9406-781D0D1C20D7}
		{275324B3-AAD2-4C3A-BB59-A1DE5BE8FECC} = {275324B3-AAD2-4C3A-BB59-A1DE5BE8FECC}
	EndProjectSection
EndProject
Project("{8BC9CEB8-8B4A-11D0-8D11-00A0C91BC942}") = "cursoranim", "extern\glfw\tests\cursoranim.vcxproj", "{4A92CF6C-5BBF-4302-968A-6F50F0E05304}"
	ProjectSection(ProjectDependencies) = postProject
		{251F0CB3-DD91-48BD-9406-781D0D1C20D7} = {251F0CB3-DD91-48BD-9406-781D0D1C20D7}
		{275324B3-AAD2-4C3A-BB59-A1DE5BE8FECC} = {275324B3-AAD2-4C3A-BB59-A1DE5BE8FECC}
	EndProjectSection
EndProject
Project("{8BC9CEB8-8B4A-11D0-8D11-00A0C91BC942}") = "dangerbird_bin", "dangerbird_bin.vcxproj", "{6232C166-4F14-4BD7-9D23-669B426680C3}"
	ProjectSection(ProjectDependencies) = postProject
		{251F0CB3-DD91-48BD-9406-781D0D1C20D7} = {251F0CB3-DD91-48BD-9406-781D0D1C20D7}
		{ADF8A722-6CC5-4A20-895D-155C49AB994B} = {ADF8A722-6CC5-4A20-895D-155C49AB994B}
		{275324B3-AAD2-4C3A-BB59-A1DE5BE8FECC} = {275324B3-AAD2-4C3A-BB59-A1DE5BE8FECC}
		{3BD9BDA2-6487-4CE2-B1C2-89A13BA9FC16} = {3BD9BDA2-6487-4CE2-B1C2-89A13BA9FC16}
	EndProjectSection
EndProject
Project("{8BC9CEB8-8B4A-11D0-8D11-00A0C91BC942}") = "dangerbird_test", "dangerbird_test.vcxproj", "{E791B9AC-4D73-4CA1-BFDB-1BA6739B36BB}"
	ProjectSection(ProjectDependencies) = postProject
		{251F0CB3-DD91-48BD-9406-781D0D1C20D7} = {251F0CB3-DD91-48BD-9406-781D0D1C20D7}
		{ADF8A722-6CC5-4A20-895D-155C49AB994B} = {ADF8A722-6CC5-4A20-895D-155C49AB994B}
		{275324B3-AAD2-4C3A-BB59-A1DE5BE8FECC} = {275324B3-AAD2-4C3A-BB59-A1DE5BE8FECC}
		{0C7F938F-D58F-4E14-A64D-A6831302A1D5} = {0C7F938F-D58F-4E14-A64D-A6831302A1D5}
		{038DE058-16F8-47D2-8BA9-04FE5F6C2EA2} = {038DE058-16F8-47D2-8BA9-04FE5F6C2EA2}
		{C6244B19-441C-479F-BA99-1CF845BA2C9D} = {C6244B19-441C-479F-BA99-1CF845BA2C9D}
		{19987722-3BE8-4B65-B578-F439BC6F4AE6} = {19987722-3BE8-4B65-B578-F439BC6F4AE6}
		{3BD9BDA2-6487-4CE2-B1C2-89A13BA9FC16} = {3BD9BDA2-6487-4CE2-B1C2-89A13BA9FC16}
	EndProjectSection
EndProject
Project("{8BC9CEB8-8B4A-11D0-8D11-00A0C91BC942}") = "dangerengine", "dangerengine.vcxproj", "{ADF8A722-6CC5-4A20-895D-155C49AB994B}"
	ProjectSection(ProjectDependencies) = postProject
		{251F0CB3-DD91-48BD-9406-781D0D1C20D7} = {251F0CB3-DD91-48BD-9406-781D0D1C20D7}
		{275324B3-AAD2-4C3A-BB59-A1DE5BE8FECC} = {275324B3-AAD2-4C3A-BB59-A1DE5BE8FECC}
		{3BD9BDA2-6487-4CE2-B1C2-89A13BA9FC16} = {3BD9BDA2-6487-4CE2-B1C2-89A13BA9FC16}
	EndProjectSection
EndProject
Project("{8BC9CEB8-8B4A-11D0-8D11-00A0C91BC942}") = "defaults", "extern\glfw\tests\defaults.vcxproj", "{947CAB31-E032-4595-86EE-1905C01CB075}"
	ProjectSection(ProjectDependencies) = postProject
		{251F0CB3-DD91-48BD-9406-781D0D1C20D7} = {251F0CB3-DD91-48BD-9406-781D0D1C20D7}
		{275324B3-AAD2-4C3A-BB59-A1DE5BE8FECC} = {275324B3-AAD2-4C3A-BB59-A1DE5BE8FECC}
	EndProjectSection
EndProject
Project("{8BC9CEB8-8B4A-11D0-8D11-00A0C91BC942}") = "empty", "extern\glfw\tests\empty.vcxproj", "{E1D73B4A-BD45-4069-B521-B973279C8A24}"
	ProjectSection(ProjectDependencies) = postProject
		{251F0CB3-DD91-48BD-9406-781D0D1C20D7} = {251F0CB3-DD91-48BD-9406-781D0D1C20D7}
		{275324B3-AAD2-4C3A-BB59-A1DE5BE8FECC} = {275324B3-AAD2-4C3A-BB59-A1DE5BE8FECC}
	EndProjectSection
EndProject
Project("{8BC9CEB8-8B4A-11D0-8D11-00A0C91BC942}") = "events", "extern\glfw\tests\events.vcxproj", "{B79DBDCF-3162-4A85-8EC5-DF9F8FCC48A5}"
	ProjectSection(ProjectDependencies) = postProject
		{251F0CB3-DD91-48BD-9406-781D0D1C20D7} = {251F0CB3-DD91-48BD-9406-781D0D1C20D7}
		{275324B3-AAD2-4C3A-BB59-A1DE5BE8FECC} = {275324B3-AAD2-4C3A-BB59-A1DE5BE8FECC}
	EndProjectSection
EndProject
Project("{8BC9CEB8-8B4A-11D0-8D11-00A0C91BC942}") = "fsaa", "extern\glfw\tests\fsaa.vcxproj", "{BB404F1C-27B9-45C7-AA58-9FBD1A29DE46}"
	ProjectSection(ProjectDependencies) = postProject
		{251F0CB3-DD91-48BD-9406-781D0D1C20D7} = {251F0CB3-DD91-48BD-9406-781D0D1C20D7}
		{275324B3-AAD2-4C3A-BB59-A1DE5BE8FECC} = {275324B3-AAD2-4C3A-BB59-A1DE5BE8FECC}
	EndProjectSection
EndProject
Project("{8BC9CEB8-8B4A-11D0-8D11-00A0C91BC942}") = "gamma", "extern\glfw\tests\gamma.vcxproj", "{45013232-3BAA-4AF9-B3A2-A1469D3B5E34}"
	ProjectSection(ProjectDependencies) = postProject
		{251F0CB3-DD91-48BD-9406-781D0D1C20D7} = {251F0CB3-DD91-48BD-9406-781D0D1C20D7}
		{275324B3-AAD2-4C3A-BB59-A1DE5BE8FECC} = {275324B3-AAD2-4C3A-BB59-A1DE5BE8FECC}
	EndProjectSection
EndProject
Project("{8BC9CEB8-8B4A-11D0-8D11-00A0C91BC942}") = "gears", "extern\glfw\examples\gears.vcxproj", "{BADCCF9F-26A1-499F-9310-98BBAB44233C}"
	ProjectSection(ProjectDependencies) = postProject
		{251F0CB3-DD91-48BD-9406-781D0D1C20D7} = {251F0CB3-DD91-48BD-9406-781D0D1C20D7}
		{275324B3-AAD2-4C3A-BB59-A1DE5BE8FECC} = {275324B3-AAD2-4C3A-BB59-A1DE5BE8FECC}
	EndProjectSection
EndProject
Project("{8BC9CEB8-8B4A-11D0-8D11-00A0C91BC942}") = "glfw", "extern\glfw\src\glfw.vcxproj", "{275324B3-AAD2-4C3A-BB59-A1DE5BE8FECC}"
	ProjectSection(ProjectDependencies) = postProject
		{251F0CB3-DD91-48BD-9406-781D0D1C20D7} = {251F0CB3-DD91-48BD-9406-781D0D1C20D7}
	EndProjectSection
EndProject
Project("{8BC9CEB8-8B4A-11D0-8D11-00A0C91BC942}") = "glfwinfo", "extern\glfw\tests\glfwinfo.vcxproj", "{730DF687-9766-4C49-B8F2-BF2403F4FC48}"
	ProjectSection(ProjectDependencies) = postProject
		{251F0CB3-DD91-48BD-9406-781D0D1C20D7} = {251F0CB3-DD91-48BD-9406-781D0D1C20D7}
		{275324B3-AAD2-4C3A-BB59-A1DE5BE8FECC} = {275324B3-AAD2-4C3A-BB59-A1DE5BE8FECC}
	EndProjectSection
EndProject
Project("{8BC9CEB8-8B4A-11D0-8D11-00A0C91BC942}") = "gmock", "extern\googlemock\gmock.vcxproj", "{0C7F938F-D58F-4E14-A64D-A6831302A1D5}"
	ProjectSection(ProjectDependencies) = postProject
		{251F0CB3-DD91-48BD-9406-781D0D1C20D7} = {251F0CB3-DD91-48BD-9406-781D0D1C20D7}
	EndProjectSection
EndProject
Project("{8BC9CEB8-8B4A-11D0-8D11-00A0C91BC942}") = "gmock_main", "extern\googlemock\gmock_main.vcxproj", "{038DE058-16F8-47D2-8BA9-04FE5F6C2EA2}"
	ProjectSection(ProjectDependencies) = postProject
		{251F0CB3-DD91-48BD-9406-781D0D1C20D7} = {251F0CB3-DD91-48BD-9406-781D0D1C20D7}
	EndProjectSection
EndProject
Project("{8BC9CEB8-8B4A-11D0-8D11-00A0C91BC942}") = "gtest", "extern\googlemock\gtest\gtest.vcxproj", "{C6244B19-441C-479F-BA99-1CF845BA2C9D}"
	ProjectSection(ProjectDependencies) = postProject
		{251F0CB3-DD91-48BD-9406-781D0D1C20D7} = {251F0CB3-DD91-48BD-9406-781D0D1C20D7}
	EndProjectSection
EndProject
Project("{8BC9CEB8-8B4A-11D0-8D11-00A0C91BC942}") = "gtest_main", "extern\googlemock\gtest\gtest_main.vcxproj", "{19987722-3BE8-4B65-B578-F439BC6F4AE6}"
	ProjectSection(ProjectDependencies) = postProject
		{251F0CB3-DD91-48BD-9406-781D0D1C20D7} = {251F0CB3-DD91-48BD-9406-781D0D1C20D7}
		{C6244B19-441C-479F-BA99-1CF845BA2C9D} = {C6244B19-441C-479F-BA99-1CF845BA2C9D}
	EndProjectSection
EndProject
Project("{8BC9CEB8-8B4A-11D0-8D11-00A0C91BC942}") = "heightmap", "extern\glfw\examples\heightmap.vcxproj", "{F3D186A1-7EA6-4463-8736-1D487589BAE4}"
	ProjectSection(ProjectDependencies) = postProject
		{251F0CB3-DD91-48BD-9406-781D0D1C20D7} = {251F0CB3-DD91-48BD-9406-781D0D1C20D7}
		{275324B3-AAD2-4C3A-BB59-A1DE5BE8FECC} = {275324B3-AAD2-4C3A-BB59-A1DE5BE8FECC}
	EndProjectSection
EndProject
Project("{8BC9CEB8-8B4A-11D0-8D11-00A0C91BC942}") = "iconify", "extern\glfw\tests\iconify.vcxproj", "{4A0945ED-A583-4E3C-A38A-6EE422C1B937}"
	ProjectSection(ProjectDependencies) = postProject
		{251F0CB3-DD91-48BD-9406-781D0D1C20D7} = {251F0CB3-DD91-48BD-9406-781D0D1C20D7}
		{275324B3-AAD2-4C3A-BB59-A1DE5BE8FECC} = {275324B3-AAD2-4C3A-BB59-A1DE5BE8FECC}
	EndProjectSection
EndProject
Project("{8BC9CEB8-8B4A-11D0-8D11-00A0C91BC942}") = "joysticks", "extern\glfw\tests\joysticks.vcxproj", "{802C0427-E1B5-40F0-AE9F-48640C9F2AF8}"
	ProjectSection(ProjectDependencies) = postProject
		{251F0CB3-DD91-48BD-9406-781D0D1C20D7} = {251F0CB3-DD91-48BD-9406-781D0D1C20D7}
		{275324B3-AAD2-4C3A-BB59-A1DE5BE8FECC} = {275324B3-AAD2-4C3A-BB59-A1DE5BE8FECC}
	EndProjectSection
EndProject
Project("{8BC9CEB8-8B4A-11D0-8D11-00A0C91BC942}") = "kazmath", "extern\kazmath\kazmath\kazmath.vcxproj", "{3BD9BDA2-6487-4CE2-B1C2-89A13BA9FC16}"
	ProjectSection(ProjectDependencies) = postProject
		{251F0CB3-DD91-48BD-9406-781D0D1C20D7} = {251F0CB3-DD91-48BD-9406-781D0D1C20D7}
	EndProjectSection
EndProject
Project("{8BC9CEB8-8B4A-11D0-8D11-00A0C91BC942}") = "monitors", "extern\glfw\tests\monitors.vcxproj", "{FC4A91B3-BAE0-4133-BBD0-8F152977FAA2}"
	ProjectSection(ProjectDependencies) = postProject
		{251F0CB3-DD91-48BD-9406-781D0D1C20D7} = {251F0CB3-DD91-48BD-9406-781D0D1C20D7}
		{275324B3-AAD2-4C3A-BB59-A1DE5BE8FECC} = {275324B3-AAD2-4C3A-BB59-A1DE5BE8FECC}
	EndProjectSection
EndProject
Project("{8BC9CEB8-8B4A-11D0-8D11-00A0C91BC942}") = "particles", "extern\glfw\examples\particles.vcxproj", "{B1FCA0CB-A8C9-4121-9469-3E979D7809D7}"
	ProjectSection(ProjectDependencies) = postProject
		{251F0CB3-DD91-48BD-9406-781D0D1C20D7} = {251F0CB3-DD91-48BD-9406-781D0D1C20D7}
		{275324B3-AAD2-4C3A-BB59-A1DE5BE8FECC} = {275324B3-AAD2-4C3A-BB59-A1DE5BE8FECC}
	EndProjectSection
EndProject
Project("{8BC9CEB8-8B4A-11D0-8D11-00A0C91BC942}") = "peter", "extern\glfw\tests\peter.vcxproj", "{48C732A6-E2FB-453F-B250-8A2D156B9883}"
	ProjectSection(ProjectDependencies) = postProject
		{251F0CB3-DD91-48BD-9406-781D0D1C20D7} = {251F0CB3-DD91-48BD-9406-781D0D1C20D7}
		{275324B3-AAD2-4C3A-BB59-A1DE5BE8FECC} = {275324B3-AAD2-4C3A-BB59-A1DE5BE8FECC}
	EndProjectSection
EndProject
Project("{8BC9CEB8-8B4A-11D0-8D11-00A0C91BC942}") = "reopen", "extern\glfw\tests\reopen.vcxproj", "{CCBC44EC-40CF-4CBD-A886-D90C163D6CBB}"
	ProjectSection(ProjectDependencies) = postProject
		{251F0CB3-DD91-48BD-9406-781D0D1C20D7} = {251F0CB3-DD91-48BD-9406-781D0D1C20D7}
		{275324B3-AAD2-4C3A-BB59-A1DE5BE8FECC} = {275324B3-AAD2-4C3A-BB59-A1DE5BE8FECC}
	EndProjectSection
EndProject
Project("{8BC9CEB8-8B4A-11D0-8D11-00A0C91BC942}") = "sharing", "extern\glfw\tests\sharing.vcxproj", "{9DE6EA16-E63B-42E5-BCE7-FC49E8671B0F}"
	ProjectSection(ProjectDependencies) = postProject
		{251F0CB3-DD91-48BD-9406-781D0D1C20D7} = {251F0CB3-DD91-48BD-9406-781D0D1C20D7}
		{275324B3-AAD2-4C3A-BB59-A1DE5BE8FECC} = {275324B3-AAD2-4C3A-BB59-A1DE5BE8FECC}
	EndProjectSection
EndProject
Project("{8BC9CEB8-8B4A-11D0-8D11-00A0C91BC942}") = "simple", "extern\glfw\examples\simple.vcxproj", "{3A9CCC0B-7468-4DC4-AAC7-049D9496B4E1}"
	ProjectSection(ProjectDependencies) = postProject
		{251F0CB3-DD91-48BD-9406-781D0D1C20D7} = {251F0CB3-DD91-48BD-9406-781D0D1C20D7}
		{275324B3-AAD2-4C3A-BB59-A1DE5BE8FECC} = {275324B3-AAD2-4C3A-BB59-A1DE5BE8FECC}
	EndProjectSection
EndProject
Project("{8BC9CEB8-8B4A-11D0-8D11-00A0C91BC942}") = "splitview", "extern\glfw\examples\splitview.vcxproj", "{CEA74B77-3719-46FE-A123-6ED4B1B1C96F}"
	ProjectSection(ProjectDependencies) = postProject
		{251F0CB3-DD91-48BD-9406-781D0D1C20D7} = {251F0CB3-DD91-48BD-9406-781D0D1C20D7}
		{275324B3-AAD2-4C3A-BB59-A1DE5BE8FECC} = {275324B3-AAD2-4C3A-BB59-A1DE5BE8FECC}
	EndProjectSection
EndProject
Project("{8BC9CEB8-8B4A-11D0-8D11-00A0C91BC942}") = "tearing", "extern\glfw\tests\tearing.vcxproj", "{950A7E16-8D33-4191-92BA-76F1791E54D7}"
	ProjectSection(ProjectDependencies) = postProject
		{251F0CB3-DD91-48BD-9406-781D0D1C20D7} = {251F0CB3-DD91-48BD-9406-781D0D1C20D7}
		{275324B3-AAD2-4C3A-BB59-A1DE5BE8FECC} = {275324B3-AAD2-4C3A-BB59-A1DE5BE8FECC}
	EndProjectSection
EndProject
Project("{8BC9CEB8-8B4A-11D0-8D11-00A0C91BC942}") = "threads", "extern\glfw\tests\threads.vcxproj", "{D1675EB6-8AFC-4C01-A514-ECD8033C3BD5}"
	ProjectSection(ProjectDependencies) = postProject
		{251F0CB3-DD91-48BD-9406-781D0D1C20D7} = {251F0CB3-DD91-48BD-9406-781D0D1C20D7}
		{275324B3-AAD2-4C3A-BB59-A1DE5BE8FECC} = {275324B3-AAD2-4C3A-BB59-A1DE5BE8FECC}
	EndProjectSection
EndProject
Project("{8BC9CEB8-8B4A-11D0-8D11-00A0C91BC942}") = "title", "extern\glfw\tests\title.vcxproj", "{6337DF0C-30FA-423A-9C7C-2DD8E0E47DCA}"
	ProjectSection(ProjectDependencies) = postProject
		{251F0CB3-DD91-48BD-9406-781D0D1C20D7} = {251F0CB3-DD91-48BD-9406-781D0D1C20D7}
		{275324B3-AAD2-4C3A-BB59-A1DE5BE8FECC} = {275324B3-AAD2-4C3A-BB59-A1DE5BE8FECC}
	EndProjectSection
EndProject
Project("{8BC9CEB8-8B4A-11D0-8D11-00A0C91BC942}") = "uninstall", "extern\glfw\uninstall.vcxproj", "{17A04A89-D152-4D30-A0D3-2AC3BFEB1D74}"
	ProjectSection(ProjectDependencies) = postProject
		{251F0CB3-DD91-48BD-9406-781D0D1C20D7} = {251F0CB3-DD91-48BD-9406-781D0D1C20D7}
	EndProjectSection
EndProject
Project("{8BC9CEB8-8B4A-11D0-8D11-00A0C91BC942}") = "wave", "extern\glfw\examples\wave.vcxproj", "{BDE4529F-24C8-4D98-A93F-2EA476C906C6}"
	ProjectSection(ProjectDependencies) = postProject
		{251F0CB3-DD91-48BD-9406-781D0D1C20D7} = {251F0CB3-DD91-48BD-9406-781D0D1C20D7}
		{275324B3-AAD2-4C3A-BB59-A1DE5BE8FECC} = {275324B3-AAD2-4C3A-BB59-A1DE5BE8FECC}
	EndProjectSection
EndProject
Project("{8BC9CEB8-8B4A-11D0-8D11-00A0C91BC942}") = "windows", "extern\glfw\tests\windows.vcxproj", "{C481B3FD-3F08-41A8-ADE3-D997706BC731}"
	ProjectSection(ProjectDependencies) = postProject
		{251F0CB3-DD91-48BD-9406-781D0D1C20D7} = {251F0CB3-DD91-48BD-9406-781D0D1C20D7}
		{275324B3-AAD2-4C3A-BB59-A1DE5BE8FECC} = {275324B3-AAD2-4C3A-BB59-A1DE5BE8FECC}
	EndProjectSection
EndProject
Project("{2150E333-8FDC-42A3-9474-1A3956D46DE8}") = "CMakePredefinedTargets", "CMakePredefinedTargets", "{DA164F08-8830-4462-A1D5-5F254AF180DE}"
EndProject
Project("{2150E333-8FDC-42A3-9474-1A3956D46DE8}") = "GLFW3", "GLFW3", "{775670FB-67C7-472A-B606-5B105E0E9EBC}"
EndProject
Project("{2150E333-8FDC-42A3-9474-1A3956D46DE8}") = "Examples", "GLFW3\Examples", "{F35045F8-3595-4554-B290-509226BC9EF4}"
EndProject
Project("{2150E333-8FDC-42A3-9474-1A3956D46DE8}") = "Tests", "GLFW3\Tests", "{0F5661D7-C983-401F-B869-75D295AB1504}"
EndProject
Global
	GlobalSection(SolutionConfigurationPlatforms) = preSolution
		Debug|x64 = Debug|x64
		Release|x64 = Release|x64
		MinSizeRel|x64 = MinSizeRel|x64
		RelWithDebInfo|x64 = RelWithDebInfo|x64
	EndGlobalSection
	GlobalSection(ProjectConfigurationPlatforms) = postSolution
		{827E5F96-6060-4DAD-8C29-E9E3391BF290}.Debug|x64.ActiveCfg = Debug|x64
		{827E5F96-6060-4DAD-8C29-E9E3391BF290}.Debug|x64.Build.0 = Debug|x64
		{827E5F96-6060-4DAD-8C29-E9E3391BF290}.Release|x64.ActiveCfg = Release|x64
		{827E5F96-6060-4DAD-8C29-E9E3391BF290}.Release|x64.Build.0 = Release|x64
		{827E5F96-6060-4DAD-8C29-E9E3391BF290}.MinSizeRel|x64.ActiveCfg = MinSizeRel|x64
		{827E5F96-6060-4DAD-8C29-E9E3391BF290}.MinSizeRel|x64.Build.0 = MinSizeRel|x64
		{827E5F96-6060-4DAD-8C29-E9E3391BF290}.RelWithDebInfo|x64.ActiveCfg = RelWithDebInfo|x64
		{827E5F96-6060-4DAD-8C29-E9E3391BF290}.RelWithDebInfo|x64.Build.0 = RelWithDebInfo|x64
		{34DF35B4-0A7F-40E6-943B-2CA061C0ABD7}.Debug|x64.ActiveCfg = Debug|x64
		{34DF35B4-0A7F-40E6-943B-2CA061C0ABD7}.Release|x64.ActiveCfg = Release|x64
		{34DF35B4-0A7F-40E6-943B-2CA061C0ABD7}.MinSizeRel|x64.ActiveCfg = MinSizeRel|x64
		{34DF35B4-0A7F-40E6-943B-2CA061C0ABD7}.RelWithDebInfo|x64.ActiveCfg = RelWithDebInfo|x64
		{5EADD46D-7258-498D-9AA4-D8F2AC0BCAC7}.Debug|x64.ActiveCfg = Debug|x64
		{5EADD46D-7258-498D-9AA4-D8F2AC0BCAC7}.Release|x64.ActiveCfg = Release|x64
		{5EADD46D-7258-498D-9AA4-D8F2AC0BCAC7}.MinSizeRel|x64.ActiveCfg = MinSizeRel|x64
		{5EADD46D-7258-498D-9AA4-D8F2AC0BCAC7}.RelWithDebInfo|x64.ActiveCfg = RelWithDebInfo|x64
		{251F0CB3-DD91-48BD-9406-781D0D1C20D7}.Debug|x64.ActiveCfg = Debug|x64
		{251F0CB3-DD91-48BD-9406-781D0D1C20D7}.Debug|x64.Build.0 = Debug|x64
		{251F0CB3-DD91-48BD-9406-781D0D1C20D7}.Release|x64.ActiveCfg = Release|x64
		{251F0CB3-DD91-48BD-9406-781D0D1C20D7}.Release|x64.Build.0 = Release|x64
		{251F0CB3-DD91-48BD-9406-781D0D1C20D7}.MinSizeRel|x64.ActiveCfg = MinSizeRel|x64
		{251F0CB3-DD91-48BD-9406-781D0D1C20D7}.MinSizeRel|x64.Build.0 = MinSizeRel|x64
		{251F0CB3-DD91-48BD-9406-781D0D1C20D7}.RelWithDebInfo|x64.ActiveCfg = RelWithDebInfo|x64
		{251F0CB3-DD91-48BD-9406-781D0D1C20D7}.RelWithDebInfo|x64.Build.0 = RelWithDebInfo|x64
		{C34AE26D-30C6-47BA-BC7D-82F2DE4F2DEA}.Debug|x64.ActiveCfg = Debug|x64
		{C34AE26D-30C6-47BA-BC7D-82F2DE4F2DEA}.Debug|x64.Build.0 = Debug|x64
		{C34AE26D-30C6-47BA-BC7D-82F2DE4F2DEA}.Release|x64.ActiveCfg = Release|x64
		{C34AE26D-30C6-47BA-BC7D-82F2DE4F2DEA}.Release|x64.Build.0 = Release|x64
		{C34AE26D-30C6-47BA-BC7D-82F2DE4F2DEA}.MinSizeRel|x64.ActiveCfg = MinSizeRel|x64
		{C34AE26D-30C6-47BA-BC7D-82F2DE4F2DEA}.MinSizeRel|x64.Build.0 = MinSizeRel|x64
		{C34AE26D-30C6-47BA-BC7D-82F2DE4F2DEA}.RelWithDebInfo|x64.ActiveCfg = RelWithDebInfo|x64
		{C34AE26D-30C6-47BA-BC7D-82F2DE4F2DEA}.RelWithDebInfo|x64.Build.0 = RelWithDebInfo|x64
		{43414E09-BDBC-403C-BB8D-94E4961D9181}.Debug|x64.ActiveCfg = Debug|x64
		{43414E09-BDBC-403C-BB8D-94E4961D9181}.Debug|x64.Build.0 = Debug|x64
		{43414E09-BDBC-403C-BB8D-94E4961D9181}.Release|x64.ActiveCfg = Release|x64
		{43414E09-BDBC-403C-BB8D-94E4961D9181}.Release|x64.Build.0 = Release|x64
		{43414E09-BDBC-403C-BB8D-94E4961D9181}.MinSizeRel|x64.ActiveCfg = MinSizeRel|x64
		{43414E09-BDBC-403C-BB8D-94E4961D9181}.MinSizeRel|x64.Build.0 = MinSizeRel|x64
		{43414E09-BDBC-403C-BB8D-94E4961D9181}.RelWithDebInfo|x64.ActiveCfg = RelWithDebInfo|x64
		{43414E09-BDBC-403C-BB8D-94E4961D9181}.RelWithDebInfo|x64.Build.0 = RelWithDebInfo|x64
		{41D35ED7-16CC-42B3-86ED-642784F5D4B0}.Debug|x64.ActiveCfg = Debug|x64
		{41D35ED7-16CC-42B3-86ED-642784F5D4B0}.Debug|x64.Build.0 = Debug|x64
		{41D35ED7-16CC-42B3-86ED-642784F5D4B0}.Release|x64.ActiveCfg = Release|x64
		{41D35ED7-16CC-42B3-86ED-642784F5D4B0}.Release|x64.Build.0 = Release|x64
		{41D35ED7-16CC-42B3-86ED-642784F5D4B0}.MinSizeRel|x64.ActiveCfg = MinSizeRel|x64
		{41D35ED7-16CC-42B3-86ED-642784F5D4B0}.MinSizeRel|x64.Build.0 = MinSizeRel|x64
		{41D35ED7-16CC-42B3-86ED-642784F5D4B0}.RelWithDebInfo|x64.ActiveCfg = RelWithDebInfo|x64
		{41D35ED7-16CC-42B3-86ED-642784F5D4B0}.RelWithDebInfo|x64.Build.0 = RelWithDebInfo|x64
		{F6E5CC01-637F-4C50-B0A4-528D0911A8AE}.Debug|x64.ActiveCfg = Debug|x64
		{F6E5CC01-637F-4C50-B0A4-528D0911A8AE}.Debug|x64.Build.0 = Debug|x64
		{F6E5CC01-637F-4C50-B0A4-528D0911A8AE}.Release|x64.ActiveCfg = Release|x64
		{F6E5CC01-637F-4C50-B0A4-528D0911A8AE}.Release|x64.Build.0 = Release|x64
		{F6E5CC01-637F-4C50-B0A4-528D0911A8AE}.MinSizeRel|x64.ActiveCfg = MinSizeRel|x64
		{F6E5CC01-637F-4C50-B0A4-528D0911A8AE}.MinSizeRel|x64.Build.0 = MinSizeRel|x64
		{F6E5CC01-637F-4C50-B0A4-528D0911A8AE}.RelWithDebInfo|x64.ActiveCfg = RelWithDebInfo|x64
		{F6E5CC01-637F-4C50-B0A4-528D0911A8AE}.RelWithDebInfo|x64.Build.0 = RelWithDebInfo|x64
		{4A92CF6C-5BBF-4302-968A-6F50F0E05304}.Debug|x64.ActiveCfg = Debug|x64
		{4A92CF6C-5BBF-4302-968A-6F50F0E05304}.Debug|x64.Build.0 = Debug|x64
		{4A92CF6C-5BBF-4302-968A-6F50F0E05304}.Release|x64.ActiveCfg = Release|x64
		{4A92CF6C-5BBF-4302-968A-6F50F0E05304}.Release|x64.Build.0 = Release|x64
		{4A92CF6C-5BBF-4302-968A-6F50F0E05304}.MinSizeRel|x64.ActiveCfg = MinSizeRel|x64
		{4A92CF6C-5BBF-4302-968A-6F50F0E05304}.MinSizeRel|x64.Build.0 = MinSizeRel|x64
		{4A92CF6C-5BBF-4302-968A-6F50F0E05304}.RelWithDebInfo|x64.ActiveCfg = RelWithDebInfo|x64
		{4A92CF6C-5BBF-4302-968A-6F50F0E05304}.RelWithDebInfo|x64.Build.0 = RelWithDebInfo|x64
		{6232C166-4F14-4BD7-9D23-669B426680C3}.Debug|x64.ActiveCfg = Debug|x64
		{6232C166-4F14-4BD7-9D23-669B426680C3}.Debug|x64.Build.0 = Debug|x64
		{6232C166-4F14-4BD7-9D23-669B426680C3}.Release|x64.ActiveCfg = Release|x64
		{6232C166-4F14-4BD7-9D23-669B426680C3}.Release|x64.Build.0 = Release|x64
		{6232C166-4F14-4BD7-9D23-669B426680C3}.MinSizeRel|x64.ActiveCfg = MinSizeRel|x64
		{6232C166-4F14-4BD7-9D23-669B426680C3}.MinSizeRel|x64.Build.0 = MinSizeRel|x64
		{6232C166-4F14-4BD7-9D23-669B426680C3}.RelWithDebInfo|x64.ActiveCfg = RelWithDebInfo|x64
		{6232C166-4F14-4BD7-9D23-669B426680C3}.RelWithDebInfo|x64.Build.0 = RelWithDebInfo|x64
		{E791B9AC-4D73-4CA1-BFDB-1BA6739B36BB}.Debug|x64.ActiveCfg = Debug|x64
		{E791B9AC-4D73-4CA1-BFDB-1BA6739B36BB}.Debug|x64.Build.0 = Debug|x64
		{E791B9AC-4D73-4CA1-BFDB-1BA6739B36BB}.Release|x64.ActiveCfg = Release|x64
		{E791B9AC-4D73-4CA1-BFDB-1BA6739B36BB}.Release|x64.Build.0 = Release|x64
		{E791B9AC-4D73-4CA1-BFDB-1BA6739B36BB}.MinSizeRel|x64.ActiveCfg = MinSizeRel|x64
		{E791B9AC-4D73-4CA1-BFDB-1BA6739B36BB}.MinSizeRel|x64.Build.0 = MinSizeRel|x64
		{E791B9AC-4D73-4CA1-BFDB-1BA6739B36BB}.RelWithDebInfo|x64.ActiveCfg = RelWithDebInfo|x64
		{E791B9AC-4D73-4CA1-BFDB-1BA6739B36BB}.RelWithDebInfo|x64.Build.0 = RelWithDebInfo|x64
		{ADF8A722-6CC5-4A20-895D-155C49AB994B}.Debug|x64.ActiveCfg = Debug|x64
		{ADF8A722-6CC5-4A20-895D-155C49AB994B}.Debug|x64.Build.0 = Debug|x64
		{ADF8A722-6CC5-4A20-895D-155C49AB994B}.Release|x64.ActiveCfg = Release|x64
		{ADF8A722-6CC5-4A20-895D-155C49AB994B}.Release|x64.Build.0 = Release|x64
		{ADF8A722-6CC5-4A20-895D-155C49AB994B}.MinSizeRel|x64.ActiveCfg = MinSizeRel|x64
		{ADF8A722-6CC5-4A20-895D-155C49AB994B}.MinSizeRel|x64.Build.0 = MinSizeRel|x64
		{ADF8A722-6CC5-4A20-895D-155C49AB994B}.RelWithDebInfo|x64.ActiveCfg = RelWithDebInfo|x64
		{ADF8A722-6CC5-4A20-895D-155C49AB994B}.RelWithDebInfo|x64.Build.0 = RelWithDebInfo|x64
		{947CAB31-E032-4595-86EE-1905C01CB075}.Debug|x64.ActiveCfg = Debug|x64
		{947CAB31-E032-4595-86EE-1905C01CB075}.Debug|x64.Build.0 = Debug|x64
		{947CAB31-E032-4595-86EE-1905C01CB075}.Release|x64.ActiveCfg = Release|x64
		{947CAB31-E032-4595-86EE-1905C01CB075}.Release|x64.Build.0 = Release|x64
		{947CAB31-E032-4595-86EE-1905C01CB075}.MinSizeRel|x64.ActiveCfg = MinSizeRel|x64
		{947CAB31-E032-4595-86EE-1905C01CB075}.MinSizeRel|x64.Build.0 = MinSizeRel|x64
		{947CAB31-E032-4595-86EE-1905C01CB075}.RelWithDebInfo|x64.ActiveCfg = RelWithDebInfo|x64
		{947CAB31-E032-4595-86EE-1905C01CB075}.RelWithDebInfo|x64.Build.0 = RelWithDebInfo|x64
		{E1D73B4A-BD45-4069-B521-B973279C8A24}.Debug|x64.ActiveCfg = Debug|x64
		{E1D73B4A-BD45-4069-B521-B973279C8A24}.Debug|x64.Build.0 = Debug|x64
		{E1D73B4A-BD45-4069-B521-B973279C8A24}.Release|x64.ActiveCfg = Release|x64
		{E1D73B4A-BD45-4069-B521-B973279C8A24}.Release|x64.Build.0 = Release|x64
		{E1D73B4A-BD45-4069-B521-B973279C8A24}.MinSizeRel|x64.ActiveCfg = MinSizeRel|x64
		{E1D73B4A-BD45-4069-B521-B973279C8A24}.MinSizeRel|x64.Build.0 = MinSizeRel|x64
		{E1D73B4A-BD45-4069-B521-B973279C8A24}.RelWithDebInfo|x64.ActiveCfg = RelWithDebInfo|x64
		{E1D73B4A-BD45-4069-B521-B973279C8A24}.RelWithDebInfo|x64.Build.0 = RelWithDebInfo|x64
		{B79DBDCF-3162-4A85-8EC5-DF9F8FCC48A5}.Debug|x64.ActiveCfg = Debug|x64
		{B79DBDCF-3162-4A85-8EC5-DF9F8FCC48A5}.Debug|x64.Build.0 = Debug|x64
		{B79DBDCF-3162-4A85-8EC5-DF9F8FCC48A5}.Release|x64.ActiveCfg = Release|x64
		{B79DBDCF-3162-4A85-8EC5-DF9F8FCC48A5}.Release|x64.Build.0 = Release|x64
		{B79DBDCF-3162-4A85-8EC5-DF9F8FCC48A5}.MinSizeRel|x64.ActiveCfg = MinSizeRel|x64
		{B79DBDCF-3162-4A85-8EC5-DF9F8FCC48A5}.MinSizeRel|x64.Build.0 = MinSizeRel|x64
		{B79DBDCF-3162-4A85-8EC5-DF9F8FCC48A5}.RelWithDebInfo|x64.ActiveCfg = RelWithDebInfo|x64
		{B79DBDCF-3162-4A85-8EC5-DF9F8FCC48A5}.RelWithDebInfo|x64.Build.0 = RelWithDebInfo|x64
		{BB404F1C-27B9-45C7-AA58-9FBD1A29DE46}.Debug|x64.ActiveCfg = Debug|x64
		{BB404F1C-27B9-45C7-AA58-9FBD1A29DE46}.Debug|x64.Build.0 = Debug|x64
		{BB404F1C-27B9-45C7-AA58-9FBD1A29DE46}.Release|x64.ActiveCfg = Release|x64
		{BB404F1C-27B9-45C7-AA58-9FBD1A29DE46}.Release|x64.Build.0 = Release|x64
		{BB404F1C-27B9-45C7-AA58-9FBD1A29DE46}.MinSizeRel|x64.ActiveCfg = MinSizeRel|x64
		{BB404F1C-27B9-45C7-AA58-9FBD1A29DE46}.MinSizeRel|x64.Build.0 = MinSizeRel|x64
		{BB404F1C-27B9-45C7-AA58-9FBD1A29DE46}.RelWithDebInfo|x64.ActiveCfg = RelWithDebInfo|x64
		{BB404F1C-27B9-45C7-AA58-9FBD1A29DE46}.RelWithDebInfo|x64.Build.0 = RelWithDebInfo|x64
		{45013232-3BAA-4AF9-B3A2-A1469D3B5E34}.Debug|x64.ActiveCfg = Debug|x64
		{45013232-3BAA-4AF9-B3A2-A1469D3B5E34}.Debug|x64.Build.0 = Debug|x64
		{45013232-3BAA-4AF9-B3A2-A1469D3B5E34}.Release|x64.ActiveCfg = Release|x64
		{45013232-3BAA-4AF9-B3A2-A1469D3B5E34}.Release|x64.Build.0 = Release|x64
		{45013232-3BAA-4AF9-B3A2-A1469D3B5E34}.MinSizeRel|x64.ActiveCfg = MinSizeRel|x64
		{45013232-3BAA-4AF9-B3A2-A1469D3B5E34}.MinSizeRel|x64.Build.0 = MinSizeRel|x64
		{45013232-3BAA-4AF9-B3A2-A1469D3B5E34}.RelWithDebInfo|x64.ActiveCfg = RelWithDebInfo|x64
		{45013232-3BAA-4AF9-B3A2-A1469D3B5E34}.RelWithDebInfo|x64.Build.0 = RelWithDebInfo|x64
		{BADCCF9F-26A1-499F-9310-98BBAB44233C}.Debug|x64.ActiveCfg = Debug|x64
		{BADCCF9F-26A1-499F-9310-98BBAB44233C}.Debug|x64.Build.0 = Debug|x64
		{BADCCF9F-26A1-499F-9310-98BBAB44233C}.Release|x64.ActiveCfg = Release|x64
		{BADCCF9F-26A1-499F-9310-98BBAB44233C}.Release|x64.Build.0 = Release|x64
		{BADCCF9F-26A1-499F-9310-98BBAB44233C}.MinSizeRel|x64.ActiveCfg = MinSizeRel|x64
		{BADCCF9F-26A1-499F-9310-98BBAB44233C}.MinSizeRel|x64.Build.0 = MinSizeRel|x64
		{BADCCF9F-26A1-499F-9310-98BBAB44233C}.RelWithDebInfo|x64.ActiveCfg = RelWithDebInfo|x64
		{BADCCF9F-26A1-499F-9310-98BBAB44233C}.RelWithDebInfo|x64.Build.0 = RelWithDebInfo|x64
		{275324B3-AAD2-4C3A-BB59-A1DE5BE8FECC}.Debug|x64.ActiveCfg = Debug|x64
		{275324B3-AAD2-4C3A-BB59-A1DE5BE8FECC}.Debug|x64.Build.0 = Debug|x64
		{275324B3-AAD2-4C3A-BB59-A1DE5BE8FECC}.Release|x64.ActiveCfg = Release|x64
		{275324B3-AAD2-4C3A-BB59-A1DE5BE8FECC}.Release|x64.Build.0 = Release|x64
		{275324B3-AAD2-4C3A-BB59-A1DE5BE8FECC}.MinSizeRel|x64.ActiveCfg = MinSizeRel|x64
		{275324B3-AAD2-4C3A-BB59-A1DE5BE8FECC}.MinSizeRel|x64.Build.0 = MinSizeRel|x64
		{275324B3-AAD2-4C3A-BB59-A1DE5BE8FECC}.RelWithDebInfo|x64.ActiveCfg = RelWithDebInfo|x64
		{275324B3-AAD2-4C3A-BB59-A1DE5BE8FECC}.RelWithDebInfo|x64.Build.0 = RelWithDebInfo|x64
		{730DF687-9766-4C49-B8F2-BF2403F4FC48}.Debug|x64.ActiveCfg = Debug|x64
		{730DF687-9766-4C49-B8F2-BF2403F4FC48}.Debug|x64.Build.0 = Debug|x64
		{730DF687-9766-4C49-B8F2-BF2403F4FC48}.Release|x64.ActiveCfg = Release|x64
		{730DF687-9766-4C49-B8F2-BF2403F4FC48}.Release|x64.Build.0 = Release|x64
		{730DF687-9766-4C49-B8F2-BF2403F4FC48}.MinSizeRel|x64.ActiveCfg = MinSizeRel|x64
		{730DF687-9766-4C49-B8F2-BF2403F4FC48}.MinSizeRel|x64.Build.0 = MinSizeRel|x64
		{730DF687-9766-4C49-B8F2-BF2403F4FC48}.RelWithDebInfo|x64.ActiveCfg = RelWithDebInfo|x64
		{730DF687-9766-4C49-B8F2-BF2403F4FC48}.RelWithDebInfo|x64.Build.0 = RelWithDebInfo|x64
		{0C7F938F-D58F-4E14-A64D-A6831302A1D5}.Debug|x64.ActiveCfg = Debug|x64
		{0C7F938F-D58F-4E14-A64D-A6831302A1D5}.Debug|x64.Build.0 = Debug|x64
		{0C7F938F-D58F-4E14-A64D-A6831302A1D5}.Release|x64.ActiveCfg = Release|x64
		{0C7F938F-D58F-4E14-A64D-A6831302A1D5}.Release|x64.Build.0 = Release|x64
		{0C7F938F-D58F-4E14-A64D-A6831302A1D5}.MinSizeRel|x64.ActiveCfg = MinSizeRel|x64
		{0C7F938F-D58F-4E14-A64D-A6831302A1D5}.MinSizeRel|x64.Build.0 = MinSizeRel|x64
		{0C7F938F-D58F-4E14-A64D-A6831302A1D5}.RelWithDebInfo|x64.ActiveCfg = RelWithDebInfo|x64
		{0C7F938F-D58F-4E14-A64D-A6831302A1D5}.RelWithDebInfo|x64.Build.0 = RelWithDebInfo|x64
		{038DE058-16F8-47D2-8BA9-04FE5F6C2EA2}.Debug|x64.ActiveCfg = Debug|x64
		{038DE058-16F8-47D2-8BA9-04FE5F6C2EA2}.Debug|x64.Build.0 = Debug|x64
		{038DE058-16F8-47D2-8BA9-04FE5F6C2EA2}.Release|x64.ActiveCfg = Release|x64
		{038DE058-16F8-47D2-8BA9-04FE5F6C2EA2}.Release|x64.Build.0 = Release|x64
		{038DE058-16F8-47D2-8BA9-04FE5F6C2EA2}.MinSizeRel|x64.ActiveCfg = MinSizeRel|x64
		{038DE058-16F8-47D2-8BA9-04FE5F6C2EA2}.MinSizeRel|x64.Build.0 = MinSizeRel|x64
		{038DE058-16F8-47D2-8BA9-04FE5F6C2EA2}.RelWithDebInfo|x64.ActiveCfg = RelWithDebInfo|x64
		{038DE058-16F8-47D2-8BA9-04FE5F6C2EA2}.RelWithDebInfo|x64.Build.0 = RelWithDebInfo|x64
		{C6244B19-441C-479F-BA99-1CF845BA2C9D}.Debug|x64.ActiveCfg = Debug|x64
		{C6244B19-441C-479F-BA99-1CF845BA2C9D}.Debug|x64.Build.0 = Debug|x64
		{C6244B19-441C-479F-BA99-1CF845BA2C9D}.Release|x64.ActiveCfg = Release|x64
		{C6244B19-441C-479F-BA99-1CF845BA2C9D}.Release|x64.Build.0 = Release|x64
		{C6244B19-441C-479F-BA99-1CF845BA2C9D}.MinSizeRel|x64.ActiveCfg = MinSizeRel|x64
		{C6244B19-441C-479F-BA99-1CF845BA2C9D}.MinSizeRel|x64.Build.0 = MinSizeRel|x64
		{C6244B19-441C-479F-BA99-1CF845BA2C9D}.RelWithDebInfo|x64.ActiveCfg = RelWithDebInfo|x64
		{C6244B19-441C-479F-BA99-1CF845BA2C9D}.RelWithDebInfo|x64.Build.0 = RelWithDebInfo|x64
		{19987722-3BE8-4B65-B578-F439BC6F4AE6}.Debug|x64.ActiveCfg = Debug|x64
		{19987722-3BE8-4B65-B578-F439BC6F4AE6}.Debug|x64.Build.0 = Debug|x64
		{19987722-3BE8-4B65-B578-F439BC6F4AE6}.Release|x64.ActiveCfg = Release|x64
		{19987722-3BE8-4B65-B578-F439BC6F4AE6}.Release|x64.Build.0 = Release|x64
		{19987722-3BE8-4B65-B578-F439BC6F4AE6}.MinSizeRel|x64.ActiveCfg = MinSizeRel|x64
		{19987722-3BE8-4B65-B578-F439BC6F4AE6}.MinSizeRel|x64.Build.0 = MinSizeRel|x64
		{19987722-3BE8-4B65-B578-F439BC6F4AE6}.RelWithDebInfo|x64.ActiveCfg = RelWithDebInfo|x64
		{19987722-3BE8-4B65-B578-F439BC6F4AE6}.RelWithDebInfo|x64.Build.0 = RelWithDebInfo|x64
		{F3D186A1-7EA6-4463-8736-1D487589BAE4}.Debug|x64.ActiveCfg = Debug|x64
		{F3D186A1-7EA6-4463-8736-1D487589BAE4}.Debug|x64.Build.0 = Debug|x64
		{F3D186A1-7EA6-4463-8736-1D487589BAE4}.Release|x64.ActiveCfg = Release|x64
		{F3D186A1-7EA6-4463-8736-1D487589BAE4}.Release|x64.Build.0 = Release|x64
		{F3D186A1-7EA6-4463-8736-1D487589BAE4}.MinSizeRel|x64.ActiveCfg = MinSizeRel|x64
		{F3D186A1-7EA6-4463-8736-1D487589BAE4}.MinSizeRel|x64.Build.0 = MinSizeRel|x64
		{F3D186A1-7EA6-4463-8736-1D487589BAE4}.RelWithDebInfo|x64.ActiveCfg = RelWithDebInfo|x64
		{F3D186A1-7EA6-4463-8736-1D487589BAE4}.RelWithDebInfo|x64.Build.0 = RelWithDebInfo|x64
		{4A0945ED-A583-4E3C-A38A-6EE422C1B937}.Debug|x64.ActiveCfg = Debug|x64
		{4A0945ED-A583-4E3C-A38A-6EE422C1B937}.Debug|x64.Build.0 = Debug|x64
		{4A0945ED-A583-4E3C-A38A-6EE422C1B937}.Release|x64.ActiveCfg = Release|x64
		{4A0945ED-A583-4E3C-A38A-6EE422C1B937}.Release|x64.Build.0 = Release|x64
		{4A0945ED-A583-4E3C-A38A-6EE422C1B937}.MinSizeRel|x64.ActiveCfg = MinSizeRel|x64
		{4A0945ED-A583-4E3C-A38A-6EE422C1B937}.MinSizeRel|x64.Build.0 = MinSizeRel|x64
		{4A0945ED-A583-4E3C-A38A-6EE422C1B937}.RelWithDebInfo|x64.ActiveCfg = RelWithDebInfo|x64
		{4A0945ED-A583-4E3C-A38A-6EE422C1B937}.RelWithDebInfo|x64.Build.0 = RelWithDebInfo|x64
		{802C0427-E1B5-40F0-AE9F-48640C9F2AF8}.Debug|x64.ActiveCfg = Debug|x64
		{802C0427-E1B5-40F0-AE9F-48640C9F2AF8}.Debug|x64.Build.0 = Debug|x64
		{802C0427-E1B5-40F0-AE9F-48640C9F2AF8}.Release|x64.ActiveCfg = Release|x64
		{802C0427-E1B5-40F0-AE9F-48640C9F2AF8}.Release|x64.Build.0 = Release|x64
		{802C0427-E1B5-40F0-AE9F-48640C9F2AF8}.MinSizeRel|x64.ActiveCfg = MinSizeRel|x64
		{802C0427-E1B5-40F0-AE9F-48640C9F2AF8}.MinSizeRel|x64.Build.0 = MinSizeRel|x64
		{802C0427-E1B5-40F0-AE9F-48640C9F2AF8}.RelWithDebInfo|x64.ActiveCfg = RelWithDebInfo|x64
		{802C0427-E1B5-40F0-AE9F-48640C9F2AF8}.RelWithDebInfo|x64.Build.0 = RelWithDebInfo|x64
		{3BD9BDA2-6487-4CE2-B1C2-89A13BA9FC16}.Debug|x64.ActiveCfg = Debug|x64
		{3BD9BDA2-6487-4CE2-B1C2-89A13BA9FC16}.Debug|x64.Build.0 = Debug|x64
		{3BD9BDA2-6487-4CE2-B1C2-89A13BA9FC16}.Release|x64.ActiveCfg = Release|x64
		{3BD9BDA2-6487-4CE2-B1C2-89A13BA9FC16}.Release|x64.Build.0 = Release|x64
		{3BD9BDA2-6487-4CE2-B1C2-89A13BA9FC16}.MinSizeRel|x64.ActiveCfg = MinSizeRel|x64
		{3BD9BDA2-6487-4CE2-B1C2-89A13BA9FC16}.MinSizeRel|x64.Build.0 = MinSizeRel|x64
		{3BD9BDA2-6487-4CE2-B1C2-89A13BA9FC16}.RelWithDebInfo|x64.ActiveCfg = RelWithDebInfo|x64
		{3BD9BDA2-6487-4CE2-B1C2-89A13BA9FC16}.RelWithDebInfo|x64.Build.0 = RelWithDebInfo|x64
		{FC4A91B3-BAE0-4133-BBD0-8F152977FAA2}.Debug|x64.ActiveCfg = Debug|x64
		{FC4A91B3-BAE0-4133-BBD0-8F152977FAA2}.Debug|x64.Build.0 = Debug|x64
		{FC4A91B3-BAE0-4133-BBD0-8F152977FAA2}.Release|x64.ActiveCfg = Release|x64
		{FC4A91B3-BAE0-4133-BBD0-8F152977FAA2}.Release|x64.Build.0 = Release|x64
		{FC4A91B3-BAE0-4133-BBD0-8F152977FAA2}.MinSizeRel|x64.ActiveCfg = MinSizeRel|x64
		{FC4A91B3-BAE0-4133-BBD0-8F152977FAA2}.MinSizeRel|x64.Build.0 = MinSizeRel|x64
		{FC4A91B3-BAE0-4133-BBD0-8F152977FAA2}.RelWithDebInfo|x64.ActiveCfg = RelWithDebInfo|x64
		{FC4A91B3-BAE0-4133-BBD0-8F152977FAA2}.RelWithDebInfo|x64.Build.0 = RelWithDebInfo|x64
		{B1FCA0CB-A8C9-4121-9469-3E979D7809D7}.Debug|x64.ActiveCfg = Debug|x64
		{B1FCA0CB-A8C9-4121-9469-3E979D7809D7}.Debug|x64.Build.0 = Debug|x64
		{B1FCA0CB-A8C9-4121-9469-3E979D7809D7}.Release|x64.ActiveCfg = Release|x64
		{B1FCA0CB-A8C9-4121-9469-3E979D7809D7}.Release|x64.Build.0 = Release|x64
		{B1FCA0CB-A8C9-4121-9469-3E979D7809D7}.MinSizeRel|x64.ActiveCfg = MinSizeRel|x64
		{B1FCA0CB-A8C9-4121-9469-3E979D7809D7}.MinSizeRel|x64.Build.0 = MinSizeRel|x64
		{B1FCA0CB-A8C9-4121-9469-3E979D7809D7}.RelWithDebInfo|x64.ActiveCfg = RelWithDebInfo|x64
		{B1FCA0CB-A8C9-4121-9469-3E979D7809D7}.RelWithDebInfo|x64.Build.0 = RelWithDebInfo|x64
		{48C732A6-E2FB-453F-B250-8A2D156B9883}.Debug|x64.ActiveCfg = Debug|x64
		{48C732A6-E2FB-453F-B250-8A2D156B9883}.Debug|x64.Build.0 = Debug|x64
		{48C732A6-E2FB-453F-B250-8A2D156B9883}.Release|x64.ActiveCfg = Release|x64
		{48C732A6-E2FB-453F-B250-8A2D156B9883}.Release|x64.Build.0 = Release|x64
		{48C732A6-E2FB-453F-B250-8A2D156B9883}.MinSizeRel|x64.ActiveCfg = MinSizeRel|x64
		{48C732A6-E2FB-453F-B250-8A2D156B9883}.MinSizeRel|x64.Build.0 = MinSizeRel|x64
		{48C732A6-E2FB-453F-B250-8A2D156B9883}.RelWithDebInfo|x64.ActiveCfg = RelWithDebInfo|x64
		{48C732A6-E2FB-453F-B250-8A2D156B9883}.RelWithDebInfo|x64.Build.0 = RelWithDebInfo|x64
		{CCBC44EC-40CF-4CBD-A886-D90C163D6CBB}.Debug|x64.ActiveCfg = Debug|x64
		{CCBC44EC-40CF-4CBD-A886-D90C163D6CBB}.Debug|x64.Build.0 = Debug|x64
		{CCBC44EC-40CF-4CBD-A886-D90C163D6CBB}.Release|x64.ActiveCfg = Release|x64
		{CCBC44EC-40CF-4CBD-A886-D90C163D6CBB}.Release|x64.Build.0 = Release|x64
		{CCBC44EC-40CF-4CBD-A886-D90C163D6CBB}.MinSizeRel|x64.ActiveCfg = MinSizeRel|x64
		{CCBC44EC-40CF-4CBD-A886-D90C163D6CBB}.MinSizeRel|x64.Build.0 = MinSizeRel|x64
		{CCBC44EC-40CF-4CBD-A886-D90C163D6CBB}.RelWithDebInfo|x64.ActiveCfg = RelWithDebInfo|x64
		{CCBC44EC-40CF-4CBD-A886-D90C163D6CBB}.RelWithDebInfo|x64.Build.0 = RelWithDebInfo|x64
		{9DE6EA16-E63B-42E5-BCE7-FC49E8671B0F}.Debug|x64.ActiveCfg = Debug|x64
		{9DE6EA16-E63B-42E5-BCE7-FC49E8671B0F}.Debug|x64.Build.0 = Debug|x64
		{9DE6EA16-E63B-42E5-BCE7-FC49E8671B0F}.Release|x64.ActiveCfg = Release|x64
		{9DE6EA16-E63B-42E5-BCE7-FC49E8671B0F}.Release|x64.Build.0 = Release|x64
		{9DE6EA16-E63B-42E5-BCE7-FC49E8671B0F}.MinSizeRel|x64.ActiveCfg = MinSizeRel|x64
		{9DE6EA16-E63B-42E5-BCE7-FC49E8671B0F}.MinSizeRel|x64.Build.0 = MinSizeRel|x64
		{9DE6EA16-E63B-42E5-BCE7-FC49E8671B0F}.RelWithDebInfo|x64.ActiveCfg = RelWithDebInfo|x64
		{9DE6EA16-E63B-42E5-BCE7-FC49E8671B0F}.RelWithDebInfo|x64.Build.0 = RelWithDebInfo|x64
		{3A9CCC0B-7468-4DC4-AAC7-049D9496B4E1}.Debug|x64.ActiveCfg = Debug|x64
		{3A9CCC0B-7468-4DC4-AAC7-049D9496B4E1}.Debug|x64.Build.0 = Debug|x64
		{3A9CCC0B-7468-4DC4-AAC7-049D9496B4E1}.Release|x64.ActiveCfg = Release|x64
		{3A9CCC0B-7468-4DC4-AAC7-049D9496B4E1}.Release|x64.Build.0 = Release|x64
		{3A9CCC0B-7468-4DC4-AAC7-049D9496B4E1}.MinSizeRel|x64.ActiveCfg = MinSizeRel|x64
		{3A9CCC0B-7468-4DC4-AAC7-049D9496B4E1}.MinSizeRel|x64.Build.0 = MinSizeRel|x64
		{3A9CCC0B-7468-4DC4-AAC7-049D9496B4E1}.RelWithDebInfo|x64.ActiveCfg = RelWithDebInfo|x64
		{3A9CCC0B-7468-4DC4-AAC7-049D9496B4E1}.RelWithDebInfo|x64.Build.0 = RelWithDebInfo|x64
		{CEA74B77-3719-46FE-A123-6ED4B1B1C96F}.Debug|x64.ActiveCfg = Debug|x64
		{CEA74B77-3719-46FE-A123-6ED4B1B1C96F}.Debug|x64.Build.0 = Debug|x64
		{CEA74B77-3719-46FE-A123-6ED4B1B1C96F}.Release|x64.ActiveCfg = Release|x64
		{CEA74B77-3719-46FE-A123-6ED4B1B1C96F}.Release|x64.Build.0 = Release|x64
		{CEA74B77-3719-46FE-A123-6ED4B1B1C96F}.MinSizeRel|x64.ActiveCfg = MinSizeRel|x64
		{CEA74B77-3719-46FE-A123-6ED4B1B1C96F}.MinSizeRel|x64.Build.0 = MinSizeRel|x64
		{CEA74B77-3719-46FE-A123-6ED4B1B1C96F}.RelWithDebInfo|x64.ActiveCfg = RelWithDebInfo|x64
		{CEA74B77-3719-46FE-A123-6ED4B1B1C96F}.RelWithDebInfo|x64.Build.0 = RelWithDebInfo|x64
		{950A7E16-8D33-4191-92BA-76F1791E54D7}.Debug|x64.ActiveCfg = Debug|x64
		{950A7E16-8D33-4191-92BA-76F1791E54D7}.Debug|x64.Build.0 = Debug|x64
		{950A7E16-8D33-4191-92BA-76F1791E54D7}.Release|x64.ActiveCfg = Release|x64
		{950A7E16-8D33-4191-92BA-76F1791E54D7}.Release|x64.Build.0 = Release|x64
		{950A7E16-8D33-4191-92BA-76F1791E54D7}.MinSizeRel|x64.ActiveCfg = MinSizeRel|x64
		{950A7E16-8D33-4191-92BA-76F1791E54D7}.MinSizeRel|x64.Build.0 = MinSizeRel|x64
		{950A7E16-8D33-4191-92BA-76F1791E54D7}.RelWithDebInfo|x64.ActiveCfg = RelWithDebInfo|x64
		{950A7E16-8D33-4191-92BA-76F1791E54D7}.RelWithDebInfo|x64.Build.0 = RelWithDebInfo|x64
		{D1675EB6-8AFC-4C01-A514-ECD8033C3BD5}.Debug|x64.ActiveCfg = Debug|x64
		{D1675EB6-8AFC-4C01-A514-ECD8033C3BD5}.Debug|x64.Build.0 = Debug|x64
		{D1675EB6-8AFC-4C01-A514-ECD8033C3BD5}.Release|x64.ActiveCfg = Release|x64
		{D1675EB6-8AFC-4C01-A514-ECD8033C3BD5}.Release|x64.Build.0 = Release|x64
		{D1675EB6-8AFC-4C01-A514-ECD8033C3BD5}.MinSizeRel|x64.ActiveCfg = MinSizeRel|x64
		{D1675EB6-8AFC-4C01-A514-ECD8033C3BD5}.MinSizeRel|x64.Build.0 = MinSizeRel|x64
		{D1675EB6-8AFC-4C01-A514-ECD8033C3BD5}.RelWithDebInfo|x64.ActiveCfg = RelWithDebInfo|x64
		{D1675EB6-8AFC-4C01-A514-ECD8033C3BD5}.RelWithDebInfo|x64.Build.0 = RelWithDebInfo|x64
		{6337DF0C-30FA-423A-9C7C-2DD8E0E47DCA}.Debug|x64.ActiveCfg = Debug|x64
		{6337DF0C-30FA-423A-9C7C-2DD8E0E47DCA}.Debug|x64.Build.0 = Debug|x64
		{6337DF0C-30FA-423A-9C7C-2DD8E0E47DCA}.Release|x64.ActiveCfg = Release|x64
		{6337DF0C-30FA-423A-9C7C-2DD8E0E47DCA}.Release|x64.Build.0 = Release|x64
		{6337DF0C-30FA-423A-9C7C-2DD8E0E47DCA}.MinSizeRel|x64.ActiveCfg = MinSizeRel|x64
		{6337DF0C-30FA-423A-9C7C-2DD8E0E47DCA}.MinSizeRel|x64.Build.0 = MinSizeRel|x64
		{6337DF0C-30FA-423A-9C7C-2DD8E0E47DCA}.RelWithDebInfo|x64.ActiveCfg = RelWithDebInfo|x64
		{6337DF0C-30FA-423A-9C7C-2DD8E0E47DCA}.RelWithDebInfo|x64.Build.0 = RelWithDebInfo|x64
		{17A04A89-D152-4D30-A0D3-2AC3BFEB1D74}.Debug|x64.ActiveCfg = Debug|x64
		{17A04A89-D152-4D30-A0D3-2AC3BFEB1D74}.Release|x64.ActiveCfg = Release|x64
		{17A04A89-D152-4D30-A0D3-2AC3BFEB1D74}.MinSizeRel|x64.ActiveCfg = MinSizeRel|x64
		{17A04A89-D152-4D30-A0D3-2AC3BFEB1D74}.RelWithDebInfo|x64.ActiveCfg = RelWithDebInfo|x64
		{BDE4529F-24C8-4D98-A93F-2EA476C906C6}.Debug|x64.ActiveCfg = Debug|x64
		{BDE4529F-24C8-4D98-A93F-2EA476C906C6}.Debug|x64.Build.0 = Debug|x64
		{BDE4529F-24C8-4D98-A93F-2EA476C906C6}.Release|x64.ActiveCfg = Release|x64
		{BDE4529F-24C8-4D98-A93F-2EA476C906C6}.Release|x64.Build.0 = Release|x64
		{BDE4529F-24C8-4D98-A93F-2EA476C906C6}.MinSizeRel|x64.ActiveCfg = MinSizeRel|x64
		{BDE4529F-24C8-4D98-A93F-2EA476C906C6}.MinSizeRel|x64.Build.0 = MinSizeRel|x64
		{BDE4529F-24C8-4D98-A93F-2EA476C906C6}.RelWithDebInfo|x64.ActiveCfg = RelWithDebInfo|x64
		{BDE4529F-24C8-4D98-A93F-2EA476C906C6}.RelWithDebInfo|x64.Build.0 = RelWithDebInfo|x64
		{C481B3FD-3F08-41A8-ADE3-D997706BC731}.Debug|x64.ActiveCfg = Debug|x64
		{C481B3FD-3F08-41A8-ADE3-D997706BC731}.Debug|x64.Build.0 = Debug|x64
		{C481B3FD-3F08-41A8-ADE3-D997706BC731}.Release|x64.ActiveCfg = Release|x64
		{C481B3FD-3F08-41A8-ADE3-D997706BC731}.Release|x64.Build.0 = Release|x64
		{C481B3FD-3F08-41A8-ADE3-D997706BC731}.MinSizeRel|x64.ActiveCfg = MinSizeRel|x64
		{C481B3FD-3F08-41A8-ADE3-D997706BC731}.MinSizeRel|x64.Build.0 = MinSizeRel|x64
		{C481B3FD-3F08-41A8-ADE3-D997706BC731}.RelWithDebInfo|x64.ActiveCfg = RelWithDebInfo|x64
		{C481B3FD-3F08-41A8-ADE3-D997706BC731}.RelWithDebInfo|x64.Build.0 = RelWithDebInfo|x64
	EndGlobalSection
	GlobalSection(NestedProjects) = preSolution
		{34DF35B4-0A7F-40E6-943B-2CA061C0ABD7} = {DA164F08-8830-4462-A1D5-5F254AF180DE}
		{5EADD46D-7258-498D-9AA4-D8F2AC0BCAC7} = {DA164F08-8830-4462-A1D5-5F254AF180DE}
		{251F0CB3-DD91-48BD-9406-781D0D1C20D7} = {DA164F08-8830-4462-A1D5-5F254AF180DE}
		{F35045F8-3595-4554-B290-509226BC9EF4} = {775670FB-67C7-472A-B606-5B105E0E9EBC}
		{0F5661D7-C983-401F-B869-75D295AB1504} = {775670FB-67C7-472A-B606-5B105E0E9EBC}
		{275324B3-AAD2-4C3A-BB59-A1DE5BE8FECC} = {775670FB-67C7-472A-B606-5B105E0E9EBC}
		{43414E09-BDBC-403C-BB8D-94E4961D9181} = {F35045F8-3595-4554-B290-509226BC9EF4}
		{BADCCF9F-26A1-499F-9310-98BBAB44233C} = {F35045F8-3595-4554-B290-509226BC9EF4}
		{F3D186A1-7EA6-4463-8736-1D487589BAE4} = {F35045F8-3595-4554-B290-509226BC9EF4}
		{B1FCA0CB-A8C9-4121-9469-3E979D7809D7} = {F35045F8-3595-4554-B290-509226BC9EF4}
		{3A9CCC0B-7468-4DC4-AAC7-049D9496B4E1} = {F35045F8-3595-4554-B290-509226BC9EF4}
		{CEA74B77-3719-46FE-A123-6ED4B1B1C96F} = {F35045F8-3595-4554-B290-509226BC9EF4}
		{BDE4529F-24C8-4D98-A93F-2EA476C906C6} = {F35045F8-3595-4554-B290-509226BC9EF4}
		{C34AE26D-30C6-47BA-BC7D-82F2DE4F2DEA} = {0F5661D7-C983-401F-B869-75D295AB1504}
		{41D35ED7-16CC-42B3-86ED-642784F5D4B0} = {0F5661D7-C983-401F-B869-75D295AB1504}
		{F6E5CC01-637F-4C50-B0A4-528D0911A8AE} = {0F5661D7-C983-401F-B869-75D295AB1504}
		{4A92CF6C-5BBF-4302-968A-6F50F0E05304} = {0F5661D7-C983-401F-B869-75D295AB1504}
		{947CAB31-E032-4595-86EE-1905C01CB075} = {0F5661D7-C983-401F-B869-75D295AB1504}
		{E1D73B4A-BD45-4069-B521-B973279C8A24} = {0F5661D7-C983-401F-B869-75D295AB1504}
		{B79DBDCF-3162-4A85-8EC5-DF9F8FCC48A5} = {0F5661D7-C983-401F-B869-75D295AB1504}
		{BB404F1C-27B9-45C7-AA58-9FBD1A29DE46} = {0F5661D7-C983-401F-B869-75D295AB1504}
		{45013232-3BAA-4AF9-B3A2-A1469D3B5E34} = {0F5661D7-C983-401F-B869-75D295AB1504}
		{730DF687-9766-4C49-B8F2-BF2403F4FC48} = {0F5661D7-C983-401F-B869-75D295AB1504}
		{4A0945ED-A583-4E3C-A38A-6EE422C1B937} = {0F5661D7-C983-401F-B869-75D295AB1504}
		{802C0427-E1B5-40F0-AE9F-48640C9F2AF8} = {0F5661D7-C983-401F-B869-75D295AB1504}
		{FC4A91B3-BAE0-4133-BBD0-8F152977FAA2} = {0F5661D7-C983-401F-B869-75D295AB1504}
		{48C732A6-E2FB-453F-B250-8A2D156B9883} = {0F5661D7-C983-401F-B869-75D295AB1504}
		{CCBC44EC-40CF-4CBD-A886-D90C163D6CBB} = {0F5661D7-C983-401F-B869-75D295AB1504}
		{9DE6EA16-E63B-42E5-BCE7-FC49E8671B0F} = {0F5661D7-C983-401F-B869-75D295AB1504}
		{950A7E16-8D33-4191-92BA-76F1791E54D7} = {0F5661D7-C983-401F-B869-75D295AB1504}
		{D1675EB6-8AFC-4C01-A514-ECD8033C3BD5} = {0F5661D7-C983-401F-B869-75D295AB1504}
		{6337DF0C-30FA-423A-9C7C-2DD8E0E47DCA} = {0F5661D7-C983-401F-B869-75D295AB1504}
		{C481B3FD-3F08-41A8-ADE3-D997706BC731} = {0F5661D7-C983-401F-B869-75D295AB1504}
	EndGlobalSection
	GlobalSection(ExtensibilityGlobals) = postSolution
	EndGlobalSection
	GlobalSection(ExtensibilityAddIns) = postSolution
	EndGlobalSection
EndGlobal
